// !$*UTF8*$!
{
	archiveVersion = 1;
	classes = {
	};
	objectVersion = 51;
	objects = {

/* Begin PBXBuildFile section */
		11019E6126B84CE3007AAD1B /* DeleteTransactionInteractor.swift in Sources */ = {isa = PBXBuildFile; fileRef = 11019E6026B84CE3007AAD1B /* DeleteTransactionInteractor.swift */; };
		11104A58262E4F1400F94902 /* TransactionsListView.swift in Sources */ = {isa = PBXBuildFile; fileRef = 11104A57262E4F1400F94902 /* TransactionsListView.swift */; };
		11104A61262E5F5000F94902 /* TransactionsViewModel.swift in Sources */ = {isa = PBXBuildFile; fileRef = 11104A60262E5F5000F94902 /* TransactionsViewModel.swift */; };
		11104A66262E5FB600F94902 /* TransactionRow.swift in Sources */ = {isa = PBXBuildFile; fileRef = 11104A65262E5FB600F94902 /* TransactionRow.swift */; };
		11104AE6262F45FB00F94902 /* TransactionSectionView.swift in Sources */ = {isa = PBXBuildFile; fileRef = 11104AE5262F45FB00F94902 /* TransactionSectionView.swift */; };
		11104C92262F904F00F94902 /* Wallet.swift in Sources */ = {isa = PBXBuildFile; fileRef = 11104C91262F904F00F94902 /* Wallet.swift */; };
		11104C97262F910C00F94902 /* WalletTest.swift in Sources */ = {isa = PBXBuildFile; fileRef = 11104C96262F910C00F94902 /* WalletTest.swift */; };
		11104CA2262F9B5B00F94902 /* TransactionContainerOverview.swift in Sources */ = {isa = PBXBuildFile; fileRef = 11104CA1262F9B5B00F94902 /* TransactionContainerOverview.swift */; };
		11104CA7262F9BD800F94902 /* TransactionContainerViewModel.swift in Sources */ = {isa = PBXBuildFile; fileRef = 11104CA6262F9BD800F94902 /* TransactionContainerViewModel.swift */; };
		11104E622630DAB000F94902 /* SegmentedControlView.swift in Sources */ = {isa = PBXBuildFile; fileRef = 11104E612630DAAF00F94902 /* SegmentedControlView.swift */; };
		113469FF268506EC00335CD3 /* TransactionContainerLocalDataSource.swift in Sources */ = {isa = PBXBuildFile; fileRef = 113469FE268506EC00335CD3 /* TransactionContainerLocalDataSource.swift */; };
		11346A0226850BA000335CD3 /* TransactionsContainerRepository.swift in Sources */ = {isa = PBXBuildFile; fileRef = 11346A0126850BA000335CD3 /* TransactionsContainerRepository.swift */; };
		1136D54E262E4A6900CDB4E7 /* WalletPlusApp.swift in Sources */ = {isa = PBXBuildFile; fileRef = 1136D54D262E4A6900CDB4E7 /* WalletPlusApp.swift */; };
		1136D550262E4A6900CDB4E7 /* ContentView.swift in Sources */ = {isa = PBXBuildFile; fileRef = 1136D54F262E4A6900CDB4E7 /* ContentView.swift */; };
		1136D552262E4A6900CDB4E7 /* Assets.xcassets in Resources */ = {isa = PBXBuildFile; fileRef = 1136D551262E4A6900CDB4E7 /* Assets.xcassets */; };
		1136D555262E4A6900CDB4E7 /* Preview Assets.xcassets in Resources */ = {isa = PBXBuildFile; fileRef = 1136D554262E4A6900CDB4E7 /* Preview Assets.xcassets */; };
		1136D560262E4A6900CDB4E7 /* WalletPlusTests.swift in Sources */ = {isa = PBXBuildFile; fileRef = 1136D55F262E4A6900CDB4E7 /* WalletPlusTests.swift */; };
		1136D56B262E4A6900CDB4E7 /* WalletPlusUITests.swift in Sources */ = {isa = PBXBuildFile; fileRef = 1136D56A262E4A6900CDB4E7 /* WalletPlusUITests.swift */; };
		1136D57F262E4AC400CDB4E7 /* TransactionTest.swift in Sources */ = {isa = PBXBuildFile; fileRef = 1136D57E262E4AC400CDB4E7 /* TransactionTest.swift */; };
		1136D585262E4AE900CDB4E7 /* Transaction.swift in Sources */ = {isa = PBXBuildFile; fileRef = 1136D584262E4AE900CDB4E7 /* Transaction.swift */; };
		1145639726378B0F0068C58F /* ContainersListViewModel.swift in Sources */ = {isa = PBXBuildFile; fileRef = 1145639626378B0F0068C58F /* ContainersListViewModel.swift */; };
		1145639C26378D170068C58F /* ContainerList.swift in Sources */ = {isa = PBXBuildFile; fileRef = 1145639B26378D170068C58F /* ContainerList.swift */; };
		114563A126378EFF0068C58F /* GetContainerTotal.swift in Sources */ = {isa = PBXBuildFile; fileRef = 114563A026378EFF0068C58F /* GetContainerTotal.swift */; };
		11470001269CF26B00C9CE74 /* GetExpenseCategories.swift in Sources */ = {isa = PBXBuildFile; fileRef = 11470000269CF26B00C9CE74 /* GetExpenseCategories.swift */; };
		11470003269CF35B00C9CE74 /* CategoriesListView.swift in Sources */ = {isa = PBXBuildFile; fileRef = 11470002269CF35B00C9CE74 /* CategoriesListView.swift */; };
		11470005269CF37200C9CE74 /* CategoriesListViewModel.swift in Sources */ = {isa = PBXBuildFile; fileRef = 11470004269CF37200C9CE74 /* CategoriesListViewModel.swift */; };
		11470007269D132E00C9CE74 /* AvailableContainersListView.swift in Sources */ = {isa = PBXBuildFile; fileRef = 11470006269D132E00C9CE74 /* AvailableContainersListView.swift */; };
		1147FFFF269CF20F00C9CE74 /* GetIncomeCategories.swift in Sources */ = {isa = PBXBuildFile; fileRef = 1147FFFE269CF20F00C9CE74 /* GetIncomeCategories.swift */; };
		114BD9D62667C03C00C4F9F6 /* TransactionsContainerRemoteEntityMapper.swift in Sources */ = {isa = PBXBuildFile; fileRef = 114BD9D52667C03C00C4F9F6 /* TransactionsContainerRemoteEntityMapper.swift */; };
		114BD9D82667C08200C4F9F6 /* TransactionsContainerRemoteEntity.swift in Sources */ = {isa = PBXBuildFile; fileRef = 114BD9D72667C08200C4F9F6 /* TransactionsContainerRemoteEntity.swift */; };
		114BD9DA2667C0AE00C4F9F6 /* TransactionRemoteEntity.swift in Sources */ = {isa = PBXBuildFile; fileRef = 114BD9D92667C0AE00C4F9F6 /* TransactionRemoteEntity.swift */; };
		114BD9DC2667C0C200C4F9F6 /* TransactionRemoteEntityMapper.swift in Sources */ = {isa = PBXBuildFile; fileRef = 114BD9DB2667C0C200C4F9F6 /* TransactionRemoteEntityMapper.swift */; };
		114BD9EF2669647300C4F9F6 /* GetTransactionsContainerInteractor.swift in Sources */ = {isa = PBXBuildFile; fileRef = 114BD9EE2669647300C4F9F6 /* GetTransactionsContainerInteractor.swift */; };
		1155EE6F26E29B2F00A72AC3 /* MoreTabView.swift in Sources */ = {isa = PBXBuildFile; fileRef = 1155EE6E26E29B2F00A72AC3 /* MoreTabView.swift */; };
		115C4FF42634DF330008D217 /* CategoryRow.swift in Sources */ = {isa = PBXBuildFile; fileRef = 115C4FF32634DF330008D217 /* CategoryRow.swift */; };
		115C50012634E6600008D217 /* DisplayableCategory.swift in Sources */ = {isa = PBXBuildFile; fileRef = 115C50002634E6600008D217 /* DisplayableCategory.swift */; };
		115C500C26361AB30008D217 /* GroupTest.swift in Sources */ = {isa = PBXBuildFile; fileRef = 115C500B26361AB30008D217 /* GroupTest.swift */; };
		1162FD1E2665277100B21EBC /* WalletRowView.swift in Sources */ = {isa = PBXBuildFile; fileRef = 1162FD1D2665277100B21EBC /* WalletRowView.swift */; };
		1162FD2026652F1100B21EBC /* ContainersListView.swift in Sources */ = {isa = PBXBuildFile; fileRef = 1162FD1F26652F1100B21EBC /* ContainersListView.swift */; };
		116912EB2649476E00C01B69 /* GetDates.swift in Sources */ = {isa = PBXBuildFile; fileRef = 116912EA2649476E00C01B69 /* GetDates.swift */; };
		116912ED264947FF00C01B69 /* GetDatesFromTransactionsTest.swift in Sources */ = {isa = PBXBuildFile; fileRef = 116912EC264947FF00C01B69 /* GetDatesFromTransactionsTest.swift */; };
		116913352649FDD900C01B69 /* CreateTransaction.swift in Sources */ = {isa = PBXBuildFile; fileRef = 116913342649FDD900C01B69 /* CreateTransaction.swift */; };
		11691337264A005B00C01B69 /* FloatingButton.swift in Sources */ = {isa = PBXBuildFile; fileRef = 11691336264A005B00C01B69 /* FloatingButton.swift */; };
		116914AA264BF7ED00C01B69 /* CreateTransactionView.swift in Sources */ = {isa = PBXBuildFile; fileRef = 116914A9264BF7ED00C01B69 /* CreateTransactionView.swift */; };
		117BC642266FFFD400F8F036 /* TransactionRemoteDataSource.swift in Sources */ = {isa = PBXBuildFile; fileRef = 117BC641266FFFD400F8F036 /* TransactionRemoteDataSource.swift */; };
		117BFAB126656F86009D4318 /* GoogleService-Info.plist in Resources */ = {isa = PBXBuildFile; fileRef = 117BFAB026656F86009D4318 /* GoogleService-Info.plist */; };
		117BFAB426658EAC009D4318 /* TransactionsContainerRemoteDataSource.swift in Sources */ = {isa = PBXBuildFile; fileRef = 117BFAB326658EAC009D4318 /* TransactionsContainerRemoteDataSource.swift */; };
		1188CFFE263A1B6300FD489C /* AmountFormatter.swift in Sources */ = {isa = PBXBuildFile; fileRef = 1188CFFD263A1B6300FD489C /* AmountFormatter.swift */; };
		11B9C48B2671808D00949132 /* CreateTransactionViewModel.swift in Sources */ = {isa = PBXBuildFile; fileRef = 11B9C48A2671808D00949132 /* CreateTransactionViewModel.swift */; };
		11B9C48D267180BC00949132 /* SaveTransactionInteractor.swift in Sources */ = {isa = PBXBuildFile; fileRef = 11B9C48C267180BC00949132 /* SaveTransactionInteractor.swift */; };
		11BE022D268BD50A004EFED9 /* TransactionsRepository.swift in Sources */ = {isa = PBXBuildFile; fileRef = 11BE022C268BD50A004EFED9 /* TransactionsRepository.swift */; };
		11BE022F268BD672004EFED9 /* GetTransactionsFromContainerInteractor.swift in Sources */ = {isa = PBXBuildFile; fileRef = 11BE022E268BD672004EFED9 /* GetTransactionsFromContainerInteractor.swift */; };
		11BE0231268E6861004EFED9 /* GetAllTransactionsInteractor.swift in Sources */ = {isa = PBXBuildFile; fileRef = 11BE0230268E6860004EFED9 /* GetAllTransactionsInteractor.swift */; };
		11BE0233268F6967004EFED9 /* TransactionsSection.swift in Sources */ = {isa = PBXBuildFile; fileRef = 11BE0232268F6967004EFED9 /* TransactionsSection.swift */; };
		11BE023D26951398004EFED9 /* Category.swift in Sources */ = {isa = PBXBuildFile; fileRef = 11BE023C26951398004EFED9 /* Category.swift */; };
		11BE023F269515C4004EFED9 /* TransactionType.swift in Sources */ = {isa = PBXBuildFile; fileRef = 11BE023E269515C4004EFED9 /* TransactionType.swift */; };
		11BE024826951AC9004EFED9 /* CategoryRemoteEntity.swift in Sources */ = {isa = PBXBuildFile; fileRef = 11BE024726951AC9004EFED9 /* CategoryRemoteEntity.swift */; };
		11BE024A26951CF4004EFED9 /* CategoryRemoteEntityMapper.swift in Sources */ = {isa = PBXBuildFile; fileRef = 11BE024926951CF4004EFED9 /* CategoryRemoteEntityMapper.swift */; };
		11BE024C26951EE9004EFED9 /* CategoryRemoteDataSource.swift in Sources */ = {isa = PBXBuildFile; fileRef = 11BE024B26951EE9004EFED9 /* CategoryRemoteDataSource.swift */; };
		11BE024E269520BA004EFED9 /* CategoryRepository.swift in Sources */ = {isa = PBXBuildFile; fileRef = 11BE024D269520BA004EFED9 /* CategoryRepository.swift */; };
		11BE02502695217C004EFED9 /* GetCategoriesInteractor.swift in Sources */ = {isa = PBXBuildFile; fileRef = 11BE024F2695217C004EFED9 /* GetCategoriesInteractor.swift */; };
		11BF7EF02641605F00C6D01E /* TransactionsListTab.swift in Sources */ = {isa = PBXBuildFile; fileRef = 11BF7EEF2641605F00C6D01E /* TransactionsListTab.swift */; };
		11E59A7F266E6364008452EF /* GetTransactionsInteractor.swift in Sources */ = {isa = PBXBuildFile; fileRef = 11E59A7E266E6364008452EF /* GetTransactionsInteractor.swift */; };
		11E59A83266E8698008452EF /* GetIncomeTransactionsFromContainerInteractor.swift in Sources */ = {isa = PBXBuildFile; fileRef = 11E59A82266E8698008452EF /* GetIncomeTransactionsFromContainerInteractor.swift */; };
		11E59A85266E8876008452EF /* GetExpenseTransactionsFromContainerInteractor.swift in Sources */ = {isa = PBXBuildFile; fileRef = 11E59A84266E8876008452EF /* GetExpenseTransactionsFromContainerInteractor.swift */; };
		11E59A87266E9BD2008452EF /* AmountFormatterInteractor.swift in Sources */ = {isa = PBXBuildFile; fileRef = 11E59A86266E9BD2008452EF /* AmountFormatterInteractor.swift */; };
		5EE066FA673BD9088F5569A0 /* Pods_WalletPlus_WalletPlusUITests.framework in Frameworks */ = {isa = PBXBuildFile; fileRef = 73934E786EBF92730325604D /* Pods_WalletPlus_WalletPlusUITests.framework */; };
		A9458BADE25DFC6E62EC554C /* Pods_WalletPlus.framework in Frameworks */ = {isa = PBXBuildFile; fileRef = 240E1B78601BAB85764F7C4D /* Pods_WalletPlus.framework */; };
		FF987B9EAEE2F3F0CD21196C /* Pods_WalletPlusTests.framework in Frameworks */ = {isa = PBXBuildFile; fileRef = 4618C195D485268A25AFAFC3 /* Pods_WalletPlusTests.framework */; };
/* End PBXBuildFile section */

/* Begin PBXContainerItemProxy section */
		1136D55C262E4A6900CDB4E7 /* PBXContainerItemProxy */ = {
			isa = PBXContainerItemProxy;
			containerPortal = 1136D542262E4A6800CDB4E7 /* Project object */;
			proxyType = 1;
			remoteGlobalIDString = 1136D549262E4A6800CDB4E7;
			remoteInfo = WalletPlus;
		};
		1136D567262E4A6900CDB4E7 /* PBXContainerItemProxy */ = {
			isa = PBXContainerItemProxy;
			containerPortal = 1136D542262E4A6800CDB4E7 /* Project object */;
			proxyType = 1;
			remoteGlobalIDString = 1136D549262E4A6800CDB4E7;
			remoteInfo = WalletPlus;
		};
/* End PBXContainerItemProxy section */

/* Begin PBXFileReference section */
		11019E6026B84CE3007AAD1B /* DeleteTransactionInteractor.swift */ = {isa = PBXFileReference; lastKnownFileType = sourcecode.swift; path = DeleteTransactionInteractor.swift; sourceTree = "<group>"; };
		11104A57262E4F1400F94902 /* TransactionsListView.swift */ = {isa = PBXFileReference; lastKnownFileType = sourcecode.swift; path = TransactionsListView.swift; sourceTree = "<group>"; };
		11104A60262E5F5000F94902 /* TransactionsViewModel.swift */ = {isa = PBXFileReference; lastKnownFileType = sourcecode.swift; path = TransactionsViewModel.swift; sourceTree = "<group>"; };
		11104A65262E5FB600F94902 /* TransactionRow.swift */ = {isa = PBXFileReference; lastKnownFileType = sourcecode.swift; path = TransactionRow.swift; sourceTree = "<group>"; };
		11104AE5262F45FB00F94902 /* TransactionSectionView.swift */ = {isa = PBXFileReference; lastKnownFileType = sourcecode.swift; path = TransactionSectionView.swift; sourceTree = "<group>"; };
		11104C91262F904F00F94902 /* Wallet.swift */ = {isa = PBXFileReference; lastKnownFileType = sourcecode.swift; path = Wallet.swift; sourceTree = "<group>"; };
		11104C96262F910C00F94902 /* WalletTest.swift */ = {isa = PBXFileReference; lastKnownFileType = sourcecode.swift; path = WalletTest.swift; sourceTree = "<group>"; };
		11104CA1262F9B5B00F94902 /* TransactionContainerOverview.swift */ = {isa = PBXFileReference; lastKnownFileType = sourcecode.swift; path = TransactionContainerOverview.swift; sourceTree = "<group>"; };
		11104CA6262F9BD800F94902 /* TransactionContainerViewModel.swift */ = {isa = PBXFileReference; lastKnownFileType = sourcecode.swift; path = TransactionContainerViewModel.swift; sourceTree = "<group>"; };
		11104E612630DAAF00F94902 /* SegmentedControlView.swift */ = {isa = PBXFileReference; lastKnownFileType = sourcecode.swift; path = SegmentedControlView.swift; sourceTree = "<group>"; };
		113469FE268506EC00335CD3 /* TransactionContainerLocalDataSource.swift */ = {isa = PBXFileReference; lastKnownFileType = sourcecode.swift; path = TransactionContainerLocalDataSource.swift; sourceTree = "<group>"; };
		11346A0126850BA000335CD3 /* TransactionsContainerRepository.swift */ = {isa = PBXFileReference; lastKnownFileType = sourcecode.swift; path = TransactionsContainerRepository.swift; sourceTree = "<group>"; };
		1136D54A262E4A6800CDB4E7 /* WalletPlus.app */ = {isa = PBXFileReference; explicitFileType = wrapper.application; includeInIndex = 0; path = WalletPlus.app; sourceTree = BUILT_PRODUCTS_DIR; };
		1136D54D262E4A6900CDB4E7 /* WalletPlusApp.swift */ = {isa = PBXFileReference; lastKnownFileType = sourcecode.swift; path = WalletPlusApp.swift; sourceTree = "<group>"; };
		1136D54F262E4A6900CDB4E7 /* ContentView.swift */ = {isa = PBXFileReference; lastKnownFileType = sourcecode.swift; path = ContentView.swift; sourceTree = "<group>"; };
		1136D551262E4A6900CDB4E7 /* Assets.xcassets */ = {isa = PBXFileReference; lastKnownFileType = folder.assetcatalog; path = Assets.xcassets; sourceTree = "<group>"; };
		1136D554262E4A6900CDB4E7 /* Preview Assets.xcassets */ = {isa = PBXFileReference; lastKnownFileType = folder.assetcatalog; path = "Preview Assets.xcassets"; sourceTree = "<group>"; };
		1136D556262E4A6900CDB4E7 /* Info.plist */ = {isa = PBXFileReference; lastKnownFileType = text.plist.xml; path = Info.plist; sourceTree = "<group>"; };
		1136D55B262E4A6900CDB4E7 /* WalletPlusTests.xctest */ = {isa = PBXFileReference; explicitFileType = wrapper.cfbundle; includeInIndex = 0; path = WalletPlusTests.xctest; sourceTree = BUILT_PRODUCTS_DIR; };
		1136D55F262E4A6900CDB4E7 /* WalletPlusTests.swift */ = {isa = PBXFileReference; lastKnownFileType = sourcecode.swift; path = WalletPlusTests.swift; sourceTree = "<group>"; };
		1136D561262E4A6900CDB4E7 /* Info.plist */ = {isa = PBXFileReference; lastKnownFileType = text.plist.xml; path = Info.plist; sourceTree = "<group>"; };
		1136D566262E4A6900CDB4E7 /* WalletPlusUITests.xctest */ = {isa = PBXFileReference; explicitFileType = wrapper.cfbundle; includeInIndex = 0; path = WalletPlusUITests.xctest; sourceTree = BUILT_PRODUCTS_DIR; };
		1136D56A262E4A6900CDB4E7 /* WalletPlusUITests.swift */ = {isa = PBXFileReference; lastKnownFileType = sourcecode.swift; path = WalletPlusUITests.swift; sourceTree = "<group>"; };
		1136D56C262E4A6900CDB4E7 /* Info.plist */ = {isa = PBXFileReference; lastKnownFileType = text.plist.xml; path = Info.plist; sourceTree = "<group>"; };
		1136D57E262E4AC400CDB4E7 /* TransactionTest.swift */ = {isa = PBXFileReference; lastKnownFileType = sourcecode.swift; path = TransactionTest.swift; sourceTree = "<group>"; };
		1136D584262E4AE900CDB4E7 /* Transaction.swift */ = {isa = PBXFileReference; lastKnownFileType = sourcecode.swift; path = Transaction.swift; sourceTree = "<group>"; };
		1145639626378B0F0068C58F /* ContainersListViewModel.swift */ = {isa = PBXFileReference; lastKnownFileType = sourcecode.swift; path = ContainersListViewModel.swift; sourceTree = "<group>"; };
		1145639B26378D170068C58F /* ContainerList.swift */ = {isa = PBXFileReference; lastKnownFileType = sourcecode.swift; path = ContainerList.swift; sourceTree = "<group>"; };
		114563A026378EFF0068C58F /* GetContainerTotal.swift */ = {isa = PBXFileReference; lastKnownFileType = sourcecode.swift; path = GetContainerTotal.swift; sourceTree = "<group>"; };
		11470000269CF26B00C9CE74 /* GetExpenseCategories.swift */ = {isa = PBXFileReference; lastKnownFileType = sourcecode.swift; path = GetExpenseCategories.swift; sourceTree = "<group>"; };
		11470002269CF35B00C9CE74 /* CategoriesListView.swift */ = {isa = PBXFileReference; lastKnownFileType = sourcecode.swift; path = CategoriesListView.swift; sourceTree = "<group>"; };
		11470004269CF37200C9CE74 /* CategoriesListViewModel.swift */ = {isa = PBXFileReference; lastKnownFileType = sourcecode.swift; path = CategoriesListViewModel.swift; sourceTree = "<group>"; };
		11470006269D132E00C9CE74 /* AvailableContainersListView.swift */ = {isa = PBXFileReference; lastKnownFileType = sourcecode.swift; path = AvailableContainersListView.swift; sourceTree = "<group>"; };
		1147FFFE269CF20F00C9CE74 /* GetIncomeCategories.swift */ = {isa = PBXFileReference; lastKnownFileType = sourcecode.swift; path = GetIncomeCategories.swift; sourceTree = "<group>"; };
		114BD9D52667C03C00C4F9F6 /* TransactionsContainerRemoteEntityMapper.swift */ = {isa = PBXFileReference; lastKnownFileType = sourcecode.swift; path = TransactionsContainerRemoteEntityMapper.swift; sourceTree = "<group>"; };
		114BD9D72667C08200C4F9F6 /* TransactionsContainerRemoteEntity.swift */ = {isa = PBXFileReference; lastKnownFileType = sourcecode.swift; path = TransactionsContainerRemoteEntity.swift; sourceTree = "<group>"; };
		114BD9D92667C0AE00C4F9F6 /* TransactionRemoteEntity.swift */ = {isa = PBXFileReference; lastKnownFileType = sourcecode.swift; path = TransactionRemoteEntity.swift; sourceTree = "<group>"; };
		114BD9DB2667C0C200C4F9F6 /* TransactionRemoteEntityMapper.swift */ = {isa = PBXFileReference; lastKnownFileType = sourcecode.swift; path = TransactionRemoteEntityMapper.swift; sourceTree = "<group>"; };
		114BD9EE2669647300C4F9F6 /* GetTransactionsContainerInteractor.swift */ = {isa = PBXFileReference; lastKnownFileType = sourcecode.swift; path = GetTransactionsContainerInteractor.swift; sourceTree = "<group>"; };
		1155EE6E26E29B2F00A72AC3 /* MoreTabView.swift */ = {isa = PBXFileReference; lastKnownFileType = sourcecode.swift; path = MoreTabView.swift; sourceTree = "<group>"; };
		115C4FF32634DF330008D217 /* CategoryRow.swift */ = {isa = PBXFileReference; lastKnownFileType = sourcecode.swift; path = CategoryRow.swift; sourceTree = "<group>"; };
		115C50002634E6600008D217 /* DisplayableCategory.swift */ = {isa = PBXFileReference; lastKnownFileType = sourcecode.swift; path = DisplayableCategory.swift; sourceTree = "<group>"; };
		115C500B26361AB30008D217 /* GroupTest.swift */ = {isa = PBXFileReference; lastKnownFileType = sourcecode.swift; path = GroupTest.swift; sourceTree = "<group>"; };
		1162FD1D2665277100B21EBC /* WalletRowView.swift */ = {isa = PBXFileReference; lastKnownFileType = sourcecode.swift; path = WalletRowView.swift; sourceTree = "<group>"; };
		1162FD1F26652F1100B21EBC /* ContainersListView.swift */ = {isa = PBXFileReference; lastKnownFileType = sourcecode.swift; path = ContainersListView.swift; sourceTree = "<group>"; };
		116912EA2649476E00C01B69 /* GetDates.swift */ = {isa = PBXFileReference; lastKnownFileType = sourcecode.swift; path = GetDates.swift; sourceTree = "<group>"; };
		116912EC264947FF00C01B69 /* GetDatesFromTransactionsTest.swift */ = {isa = PBXFileReference; lastKnownFileType = sourcecode.swift; path = GetDatesFromTransactionsTest.swift; sourceTree = "<group>"; };
		116913342649FDD900C01B69 /* CreateTransaction.swift */ = {isa = PBXFileReference; lastKnownFileType = sourcecode.swift; path = CreateTransaction.swift; sourceTree = "<group>"; };
		11691336264A005B00C01B69 /* FloatingButton.swift */ = {isa = PBXFileReference; lastKnownFileType = sourcecode.swift; path = FloatingButton.swift; sourceTree = "<group>"; };
		116914A9264BF7ED00C01B69 /* CreateTransactionView.swift */ = {isa = PBXFileReference; lastKnownFileType = sourcecode.swift; path = CreateTransactionView.swift; sourceTree = "<group>"; };
		117BC641266FFFD400F8F036 /* TransactionRemoteDataSource.swift */ = {isa = PBXFileReference; lastKnownFileType = sourcecode.swift; path = TransactionRemoteDataSource.swift; sourceTree = "<group>"; };
		117BFAB026656F86009D4318 /* GoogleService-Info.plist */ = {isa = PBXFileReference; fileEncoding = 4; lastKnownFileType = text.plist.xml; path = "GoogleService-Info.plist"; sourceTree = "<group>"; };
		117BFAB326658EAC009D4318 /* TransactionsContainerRemoteDataSource.swift */ = {isa = PBXFileReference; lastKnownFileType = sourcecode.swift; path = TransactionsContainerRemoteDataSource.swift; sourceTree = "<group>"; };
		1188CFFD263A1B6300FD489C /* AmountFormatter.swift */ = {isa = PBXFileReference; lastKnownFileType = sourcecode.swift; path = AmountFormatter.swift; sourceTree = "<group>"; };
		11B9C48A2671808D00949132 /* CreateTransactionViewModel.swift */ = {isa = PBXFileReference; lastKnownFileType = sourcecode.swift; path = CreateTransactionViewModel.swift; sourceTree = "<group>"; };
		11B9C48C267180BC00949132 /* SaveTransactionInteractor.swift */ = {isa = PBXFileReference; lastKnownFileType = sourcecode.swift; path = SaveTransactionInteractor.swift; sourceTree = "<group>"; };
		11BE022C268BD50A004EFED9 /* TransactionsRepository.swift */ = {isa = PBXFileReference; lastKnownFileType = sourcecode.swift; path = TransactionsRepository.swift; sourceTree = "<group>"; };
		11BE022E268BD672004EFED9 /* GetTransactionsFromContainerInteractor.swift */ = {isa = PBXFileReference; lastKnownFileType = sourcecode.swift; path = GetTransactionsFromContainerInteractor.swift; sourceTree = "<group>"; };
		11BE0230268E6860004EFED9 /* GetAllTransactionsInteractor.swift */ = {isa = PBXFileReference; lastKnownFileType = sourcecode.swift; path = GetAllTransactionsInteractor.swift; sourceTree = "<group>"; };
		11BE0232268F6967004EFED9 /* TransactionsSection.swift */ = {isa = PBXFileReference; lastKnownFileType = sourcecode.swift; path = TransactionsSection.swift; sourceTree = "<group>"; };
		11BE023C26951398004EFED9 /* Category.swift */ = {isa = PBXFileReference; lastKnownFileType = sourcecode.swift; path = Category.swift; sourceTree = "<group>"; };
		11BE023E269515C4004EFED9 /* TransactionType.swift */ = {isa = PBXFileReference; lastKnownFileType = sourcecode.swift; path = TransactionType.swift; sourceTree = "<group>"; };
		11BE024726951AC9004EFED9 /* CategoryRemoteEntity.swift */ = {isa = PBXFileReference; lastKnownFileType = sourcecode.swift; path = CategoryRemoteEntity.swift; sourceTree = "<group>"; };
		11BE024926951CF4004EFED9 /* CategoryRemoteEntityMapper.swift */ = {isa = PBXFileReference; lastKnownFileType = sourcecode.swift; path = CategoryRemoteEntityMapper.swift; sourceTree = "<group>"; };
		11BE024B26951EE9004EFED9 /* CategoryRemoteDataSource.swift */ = {isa = PBXFileReference; lastKnownFileType = sourcecode.swift; path = CategoryRemoteDataSource.swift; sourceTree = "<group>"; };
		11BE024D269520BA004EFED9 /* CategoryRepository.swift */ = {isa = PBXFileReference; lastKnownFileType = sourcecode.swift; path = CategoryRepository.swift; sourceTree = "<group>"; };
		11BE024F2695217C004EFED9 /* GetCategoriesInteractor.swift */ = {isa = PBXFileReference; lastKnownFileType = sourcecode.swift; path = GetCategoriesInteractor.swift; sourceTree = "<group>"; };
		11BF7EEF2641605F00C6D01E /* TransactionsListTab.swift */ = {isa = PBXFileReference; lastKnownFileType = sourcecode.swift; path = TransactionsListTab.swift; sourceTree = "<group>"; };
		11E59A7E266E6364008452EF /* GetTransactionsInteractor.swift */ = {isa = PBXFileReference; lastKnownFileType = sourcecode.swift; path = GetTransactionsInteractor.swift; sourceTree = "<group>"; };
		11E59A82266E8698008452EF /* GetIncomeTransactionsFromContainerInteractor.swift */ = {isa = PBXFileReference; lastKnownFileType = sourcecode.swift; path = GetIncomeTransactionsFromContainerInteractor.swift; sourceTree = "<group>"; };
		11E59A84266E8876008452EF /* GetExpenseTransactionsFromContainerInteractor.swift */ = {isa = PBXFileReference; lastKnownFileType = sourcecode.swift; path = GetExpenseTransactionsFromContainerInteractor.swift; sourceTree = "<group>"; };
		11E59A86266E9BD2008452EF /* AmountFormatterInteractor.swift */ = {isa = PBXFileReference; lastKnownFileType = sourcecode.swift; path = AmountFormatterInteractor.swift; sourceTree = "<group>"; };
		240E1B78601BAB85764F7C4D /* Pods_WalletPlus.framework */ = {isa = PBXFileReference; explicitFileType = wrapper.framework; includeInIndex = 0; path = Pods_WalletPlus.framework; sourceTree = BUILT_PRODUCTS_DIR; };
		3694C332BC4267329F36575C /* Pods-WalletPlus-WalletPlusUITests.debug.xcconfig */ = {isa = PBXFileReference; includeInIndex = 1; lastKnownFileType = text.xcconfig; name = "Pods-WalletPlus-WalletPlusUITests.debug.xcconfig"; path = "Target Support Files/Pods-WalletPlus-WalletPlusUITests/Pods-WalletPlus-WalletPlusUITests.debug.xcconfig"; sourceTree = "<group>"; };
		3B38E253EE3C157D95A618BD /* Pods-WalletPlusTests.debug.xcconfig */ = {isa = PBXFileReference; includeInIndex = 1; lastKnownFileType = text.xcconfig; name = "Pods-WalletPlusTests.debug.xcconfig"; path = "Target Support Files/Pods-WalletPlusTests/Pods-WalletPlusTests.debug.xcconfig"; sourceTree = "<group>"; };
		4178E362268B0128CA648C75 /* Pods-WalletPlusTests.release.xcconfig */ = {isa = PBXFileReference; includeInIndex = 1; lastKnownFileType = text.xcconfig; name = "Pods-WalletPlusTests.release.xcconfig"; path = "Target Support Files/Pods-WalletPlusTests/Pods-WalletPlusTests.release.xcconfig"; sourceTree = "<group>"; };
		4618C195D485268A25AFAFC3 /* Pods_WalletPlusTests.framework */ = {isa = PBXFileReference; explicitFileType = wrapper.framework; includeInIndex = 0; path = Pods_WalletPlusTests.framework; sourceTree = BUILT_PRODUCTS_DIR; };
		5E95CF6CE6A42B1EC2D7EEBA /* Pods-WalletPlus-WalletPlusUITests.release.xcconfig */ = {isa = PBXFileReference; includeInIndex = 1; lastKnownFileType = text.xcconfig; name = "Pods-WalletPlus-WalletPlusUITests.release.xcconfig"; path = "Target Support Files/Pods-WalletPlus-WalletPlusUITests/Pods-WalletPlus-WalletPlusUITests.release.xcconfig"; sourceTree = "<group>"; };
		60256D91211C3A06FE103DDB /* Pods-WalletPlus.release.xcconfig */ = {isa = PBXFileReference; includeInIndex = 1; lastKnownFileType = text.xcconfig; name = "Pods-WalletPlus.release.xcconfig"; path = "Target Support Files/Pods-WalletPlus/Pods-WalletPlus.release.xcconfig"; sourceTree = "<group>"; };
		73934E786EBF92730325604D /* Pods_WalletPlus_WalletPlusUITests.framework */ = {isa = PBXFileReference; explicitFileType = wrapper.framework; includeInIndex = 0; path = Pods_WalletPlus_WalletPlusUITests.framework; sourceTree = BUILT_PRODUCTS_DIR; };
		ED709F7C427049923593D3A2 /* Pods-WalletPlus.debug.xcconfig */ = {isa = PBXFileReference; includeInIndex = 1; lastKnownFileType = text.xcconfig; name = "Pods-WalletPlus.debug.xcconfig"; path = "Target Support Files/Pods-WalletPlus/Pods-WalletPlus.debug.xcconfig"; sourceTree = "<group>"; };
/* End PBXFileReference section */

/* Begin PBXFrameworksBuildPhase section */
		1136D547262E4A6800CDB4E7 /* Frameworks */ = {
			isa = PBXFrameworksBuildPhase;
			buildActionMask = 2147483647;
			files = (
				A9458BADE25DFC6E62EC554C /* Pods_WalletPlus.framework in Frameworks */,
			);
			runOnlyForDeploymentPostprocessing = 0;
		};
		1136D558262E4A6900CDB4E7 /* Frameworks */ = {
			isa = PBXFrameworksBuildPhase;
			buildActionMask = 2147483647;
			files = (
				FF987B9EAEE2F3F0CD21196C /* Pods_WalletPlusTests.framework in Frameworks */,
			);
			runOnlyForDeploymentPostprocessing = 0;
		};
		1136D563262E4A6900CDB4E7 /* Frameworks */ = {
			isa = PBXFrameworksBuildPhase;
			buildActionMask = 2147483647;
			files = (
				5EE066FA673BD9088F5569A0 /* Pods_WalletPlus_WalletPlusUITests.framework in Frameworks */,
			);
			runOnlyForDeploymentPostprocessing = 0;
		};
/* End PBXFrameworksBuildPhase section */

/* Begin PBXGroup section */
		0CAC0D866FF2DF94FC9B34B6 /* Pods */ = {
			isa = PBXGroup;
			children = (
				ED709F7C427049923593D3A2 /* Pods-WalletPlus.debug.xcconfig */,
				60256D91211C3A06FE103DDB /* Pods-WalletPlus.release.xcconfig */,
				3694C332BC4267329F36575C /* Pods-WalletPlus-WalletPlusUITests.debug.xcconfig */,
				5E95CF6CE6A42B1EC2D7EEBA /* Pods-WalletPlus-WalletPlusUITests.release.xcconfig */,
				3B38E253EE3C157D95A618BD /* Pods-WalletPlusTests.debug.xcconfig */,
				4178E362268B0128CA648C75 /* Pods-WalletPlusTests.release.xcconfig */,
			);
			path = Pods;
			sourceTree = "<group>";
		};
		11104A4B262E4EF200F94902 /* View */ = {
			isa = PBXGroup;
			children = (
				11104A57262E4F1400F94902 /* TransactionsListView.swift */,
				11104A65262E5FB600F94902 /* TransactionRow.swift */,
				11104AE5262F45FB00F94902 /* TransactionSectionView.swift */,
				11104CA1262F9B5B00F94902 /* TransactionContainerOverview.swift */,
				11104E612630DAAF00F94902 /* SegmentedControlView.swift */,
				115C4FF32634DF330008D217 /* CategoryRow.swift */,
				1145639B26378D170068C58F /* ContainerList.swift */,
				11BF7EEF2641605F00C6D01E /* TransactionsListTab.swift */,
				11691336264A005B00C01B69 /* FloatingButton.swift */,
				116914A9264BF7ED00C01B69 /* CreateTransactionView.swift */,
				1162FD1D2665277100B21EBC /* WalletRowView.swift */,
				1162FD1F26652F1100B21EBC /* ContainersListView.swift */,
				11BE0232268F6967004EFED9 /* TransactionsSection.swift */,
				11470002269CF35B00C9CE74 /* CategoriesListView.swift */,
				11470006269D132E00C9CE74 /* AvailableContainersListView.swift */,
				1155EE6E26E29B2F00A72AC3 /* MoreTabView.swift */,
			);
			path = View;
			sourceTree = "<group>";
		};
		11104A5C262E4F1E00F94902 /* ViewModel */ = {
			isa = PBXGroup;
			children = (
				11104A60262E5F5000F94902 /* TransactionsViewModel.swift */,
				11104CA6262F9BD800F94902 /* TransactionContainerViewModel.swift */,
				115C50002634E6600008D217 /* DisplayableCategory.swift */,
				1145639626378B0F0068C58F /* ContainersListViewModel.swift */,
				11B9C48A2671808D00949132 /* CreateTransactionViewModel.swift */,
				11470004269CF37200C9CE74 /* CategoriesListViewModel.swift */,
			);
			path = ViewModel;
			sourceTree = "<group>";
		};
		113469FD2685066B00335CD3 /* LocalDataSource */ = {
			isa = PBXGroup;
			children = (
				113469FE268506EC00335CD3 /* TransactionContainerLocalDataSource.swift */,
			);
			path = LocalDataSource;
			sourceTree = "<group>";
		};
		11346A0026850B9200335CD3 /* Repository */ = {
			isa = PBXGroup;
			children = (
				11346A0126850BA000335CD3 /* TransactionsContainerRepository.swift */,
				11BE022C268BD50A004EFED9 /* TransactionsRepository.swift */,
				11BE024D269520BA004EFED9 /* CategoryRepository.swift */,
			);
			path = Repository;
			sourceTree = "<group>";
		};
		1136D541262E4A6800CDB4E7 = {
			isa = PBXGroup;
			children = (
				1136D54C262E4A6800CDB4E7 /* WalletPlus */,
				1136D55E262E4A6900CDB4E7 /* WalletPlusTests */,
				1136D569262E4A6900CDB4E7 /* WalletPlusUITests */,
				1136D54B262E4A6800CDB4E7 /* Products */,
				0CAC0D866FF2DF94FC9B34B6 /* Pods */,
				F5677A63D388F94B27033A76 /* Frameworks */,
			);
			sourceTree = "<group>";
		};
		1136D54B262E4A6800CDB4E7 /* Products */ = {
			isa = PBXGroup;
			children = (
				1136D54A262E4A6800CDB4E7 /* WalletPlus.app */,
				1136D55B262E4A6900CDB4E7 /* WalletPlusTests.xctest */,
				1136D566262E4A6900CDB4E7 /* WalletPlusUITests.xctest */,
			);
			name = Products;
			sourceTree = "<group>";
		};
		1136D54C262E4A6800CDB4E7 /* WalletPlus */ = {
			isa = PBXGroup;
			children = (
				117BFAB026656F86009D4318 /* GoogleService-Info.plist */,
				1188CFFC263A1B5000FD489C /* Presentation */,
				115C500A26361A990008D217 /* Domain */,
				11104A5C262E4F1E00F94902 /* ViewModel */,
				11104A4B262E4EF200F94902 /* View */,
				1136D583262E4ACB00CDB4E7 /* Model */,
				1136D54D262E4A6900CDB4E7 /* WalletPlusApp.swift */,
				1136D54F262E4A6900CDB4E7 /* ContentView.swift */,
				1136D551262E4A6900CDB4E7 /* Assets.xcassets */,
				1136D556262E4A6900CDB4E7 /* Info.plist */,
				1136D553262E4A6900CDB4E7 /* Preview Content */,
			);
			path = WalletPlus;
			sourceTree = "<group>";
		};
		1136D553262E4A6900CDB4E7 /* Preview Content */ = {
			isa = PBXGroup;
			children = (
				1136D554262E4A6900CDB4E7 /* Preview Assets.xcassets */,
			);
			path = "Preview Content";
			sourceTree = "<group>";
		};
		1136D55E262E4A6900CDB4E7 /* WalletPlusTests */ = {
			isa = PBXGroup;
			children = (
				1136D55F262E4A6900CDB4E7 /* WalletPlusTests.swift */,
				1136D561262E4A6900CDB4E7 /* Info.plist */,
				1136D57E262E4AC400CDB4E7 /* TransactionTest.swift */,
				11104C96262F910C00F94902 /* WalletTest.swift */,
				115C500B26361AB30008D217 /* GroupTest.swift */,
				116912EC264947FF00C01B69 /* GetDatesFromTransactionsTest.swift */,
			);
			path = WalletPlusTests;
			sourceTree = "<group>";
		};
		1136D569262E4A6900CDB4E7 /* WalletPlusUITests */ = {
			isa = PBXGroup;
			children = (
				1136D56A262E4A6900CDB4E7 /* WalletPlusUITests.swift */,
				1136D56C262E4A6900CDB4E7 /* Info.plist */,
			);
			path = WalletPlusUITests;
			sourceTree = "<group>";
		};
		1136D583262E4ACB00CDB4E7 /* Model */ = {
			isa = PBXGroup;
			children = (
				1136D584262E4AE900CDB4E7 /* Transaction.swift */,
				11104C91262F904F00F94902 /* Wallet.swift */,
				114563A026378EFF0068C58F /* GetContainerTotal.swift */,
				11BE023C26951398004EFED9 /* Category.swift */,
				11BE023E269515C4004EFED9 /* TransactionType.swift */,
			);
			path = Model;
			sourceTree = "<group>";
		};
		114BD9D42667C01300C4F9F6 /* TransactionsContainer */ = {
			isa = PBXGroup;
			children = (
				117BFAB326658EAC009D4318 /* TransactionsContainerRemoteDataSource.swift */,
				114BD9D52667C03C00C4F9F6 /* TransactionsContainerRemoteEntityMapper.swift */,
				114BD9D72667C08200C4F9F6 /* TransactionsContainerRemoteEntity.swift */,
				114BD9D92667C0AE00C4F9F6 /* TransactionRemoteEntity.swift */,
				114BD9DB2667C0C200C4F9F6 /* TransactionRemoteEntityMapper.swift */,
			);
			path = TransactionsContainer;
			sourceTree = "<group>";
		};
		114BD9EC2669604400C4F9F6 /* RemoteDataSource */ = {
			isa = PBXGroup;
			children = (
				11BE023B26951386004EFED9 /* Category */,
				117BC640266FFFA400F8F036 /* Transaction */,
				114BD9D42667C01300C4F9F6 /* TransactionsContainer */,
			);
			path = RemoteDataSource;
			sourceTree = "<group>";
		};
		114BD9ED2669645E00C4F9F6 /* Interactor */ = {
			isa = PBXGroup;
			children = (
				114BD9EE2669647300C4F9F6 /* GetTransactionsContainerInteractor.swift */,
				11E59A7E266E6364008452EF /* GetTransactionsInteractor.swift */,
				11E59A82266E8698008452EF /* GetIncomeTransactionsFromContainerInteractor.swift */,
				11E59A84266E8876008452EF /* GetExpenseTransactionsFromContainerInteractor.swift */,
				11E59A86266E9BD2008452EF /* AmountFormatterInteractor.swift */,
				11B9C48C267180BC00949132 /* SaveTransactionInteractor.swift */,
				11BE022E268BD672004EFED9 /* GetTransactionsFromContainerInteractor.swift */,
				11BE0230268E6860004EFED9 /* GetAllTransactionsInteractor.swift */,
				11BE024F2695217C004EFED9 /* GetCategoriesInteractor.swift */,
				1147FFFE269CF20F00C9CE74 /* GetIncomeCategories.swift */,
				11470000269CF26B00C9CE74 /* GetExpenseCategories.swift */,
				11019E6026B84CE3007AAD1B /* DeleteTransactionInteractor.swift */,
			);
			path = Interactor;
			sourceTree = "<group>";
		};
		115C500A26361A990008D217 /* Domain */ = {
			isa = PBXGroup;
			children = (
				11346A0026850B9200335CD3 /* Repository */,
				113469FD2685066B00335CD3 /* LocalDataSource */,
				114BD9ED2669645E00C4F9F6 /* Interactor */,
				114BD9EC2669604400C4F9F6 /* RemoteDataSource */,
				116912EA2649476E00C01B69 /* GetDates.swift */,
				116913342649FDD900C01B69 /* CreateTransaction.swift */,
			);
			path = Domain;
			sourceTree = "<group>";
		};
		117BC640266FFFA400F8F036 /* Transaction */ = {
			isa = PBXGroup;
			children = (
				117BC641266FFFD400F8F036 /* TransactionRemoteDataSource.swift */,
			);
			path = Transaction;
			sourceTree = "<group>";
		};
		1188CFFC263A1B5000FD489C /* Presentation */ = {
			isa = PBXGroup;
			children = (
				1188CFFD263A1B6300FD489C /* AmountFormatter.swift */,
			);
			path = Presentation;
			sourceTree = "<group>";
		};
		11BE023B26951386004EFED9 /* Category */ = {
			isa = PBXGroup;
			children = (
				11BE024726951AC9004EFED9 /* CategoryRemoteEntity.swift */,
				11BE024926951CF4004EFED9 /* CategoryRemoteEntityMapper.swift */,
				11BE024B26951EE9004EFED9 /* CategoryRemoteDataSource.swift */,
			);
			path = Category;
			sourceTree = "<group>";
		};
		F5677A63D388F94B27033A76 /* Frameworks */ = {
			isa = PBXGroup;
			children = (
				240E1B78601BAB85764F7C4D /* Pods_WalletPlus.framework */,
				73934E786EBF92730325604D /* Pods_WalletPlus_WalletPlusUITests.framework */,
				4618C195D485268A25AFAFC3 /* Pods_WalletPlusTests.framework */,
			);
			name = Frameworks;
			sourceTree = "<group>";
		};
/* End PBXGroup section */

/* Begin PBXNativeTarget section */
		1136D549262E4A6800CDB4E7 /* WalletPlus */ = {
			isa = PBXNativeTarget;
			buildConfigurationList = 1136D56F262E4A6900CDB4E7 /* Build configuration list for PBXNativeTarget "WalletPlus" */;
			buildPhases = (
				A3259C1170756C1C2AC22AE1 /* [CP] Check Pods Manifest.lock */,
				1136D546262E4A6800CDB4E7 /* Sources */,
				1136D547262E4A6800CDB4E7 /* Frameworks */,
				1136D548262E4A6800CDB4E7 /* Resources */,
				3A74CCF1E3B351908D0C7B83 /* [CP] Embed Pods Frameworks */,
			);
			buildRules = (
			);
			dependencies = (
			);
			name = WalletPlus;
			productName = WalletPlus;
			productReference = 1136D54A262E4A6800CDB4E7 /* WalletPlus.app */;
			productType = "com.apple.product-type.application";
		};
		1136D55A262E4A6900CDB4E7 /* WalletPlusTests */ = {
			isa = PBXNativeTarget;
			buildConfigurationList = 1136D572262E4A6900CDB4E7 /* Build configuration list for PBXNativeTarget "WalletPlusTests" */;
			buildPhases = (
				645B360305C0FAC893F0BE72 /* [CP] Check Pods Manifest.lock */,
				1136D557262E4A6900CDB4E7 /* Sources */,
				1136D558262E4A6900CDB4E7 /* Frameworks */,
				1136D559262E4A6900CDB4E7 /* Resources */,
			);
			buildRules = (
			);
			dependencies = (
				1136D55D262E4A6900CDB4E7 /* PBXTargetDependency */,
			);
			name = WalletPlusTests;
			productName = WalletPlusTests;
			productReference = 1136D55B262E4A6900CDB4E7 /* WalletPlusTests.xctest */;
			productType = "com.apple.product-type.bundle.unit-test";
		};
		1136D565262E4A6900CDB4E7 /* WalletPlusUITests */ = {
			isa = PBXNativeTarget;
			buildConfigurationList = 1136D575262E4A6900CDB4E7 /* Build configuration list for PBXNativeTarget "WalletPlusUITests" */;
			buildPhases = (
				2CD476B16F2AB5128FA471B4 /* [CP] Check Pods Manifest.lock */,
				1136D562262E4A6900CDB4E7 /* Sources */,
				1136D563262E4A6900CDB4E7 /* Frameworks */,
				1136D564262E4A6900CDB4E7 /* Resources */,
				64F2B36A4E35789C2831538C /* [CP] Embed Pods Frameworks */,
			);
			buildRules = (
			);
			dependencies = (
				1136D568262E4A6900CDB4E7 /* PBXTargetDependency */,
			);
			name = WalletPlusUITests;
			productName = WalletPlusUITests;
			productReference = 1136D566262E4A6900CDB4E7 /* WalletPlusUITests.xctest */;
			productType = "com.apple.product-type.bundle.ui-testing";
		};
/* End PBXNativeTarget section */

/* Begin PBXProject section */
		1136D542262E4A6800CDB4E7 /* Project object */ = {
			isa = PBXProject;
			attributes = {
				LastSwiftUpdateCheck = 1240;
				LastUpgradeCheck = 1240;
				TargetAttributes = {
					1136D549262E4A6800CDB4E7 = {
						CreatedOnToolsVersion = 12.4;
					};
					1136D55A262E4A6900CDB4E7 = {
						CreatedOnToolsVersion = 12.4;
						TestTargetID = 1136D549262E4A6800CDB4E7;
					};
					1136D565262E4A6900CDB4E7 = {
						CreatedOnToolsVersion = 12.4;
						TestTargetID = 1136D549262E4A6800CDB4E7;
					};
				};
			};
			buildConfigurationList = 1136D545262E4A6800CDB4E7 /* Build configuration list for PBXProject "WalletPlus" */;
			compatibilityVersion = "Xcode 9.3";
			developmentRegion = en;
			hasScannedForEncodings = 0;
			knownRegions = (
				en,
				Base,
			);
			mainGroup = 1136D541262E4A6800CDB4E7;
			productRefGroup = 1136D54B262E4A6800CDB4E7 /* Products */;
			projectDirPath = "";
			projectRoot = "";
			targets = (
				1136D549262E4A6800CDB4E7 /* WalletPlus */,
				1136D55A262E4A6900CDB4E7 /* WalletPlusTests */,
				1136D565262E4A6900CDB4E7 /* WalletPlusUITests */,
			);
		};
/* End PBXProject section */

/* Begin PBXResourcesBuildPhase section */
		1136D548262E4A6800CDB4E7 /* Resources */ = {
			isa = PBXResourcesBuildPhase;
			buildActionMask = 2147483647;
			files = (
				1136D555262E4A6900CDB4E7 /* Preview Assets.xcassets in Resources */,
				1136D552262E4A6900CDB4E7 /* Assets.xcassets in Resources */,
				117BFAB126656F86009D4318 /* GoogleService-Info.plist in Resources */,
			);
			runOnlyForDeploymentPostprocessing = 0;
		};
		1136D559262E4A6900CDB4E7 /* Resources */ = {
			isa = PBXResourcesBuildPhase;
			buildActionMask = 2147483647;
			files = (
			);
			runOnlyForDeploymentPostprocessing = 0;
		};
		1136D564262E4A6900CDB4E7 /* Resources */ = {
			isa = PBXResourcesBuildPhase;
			buildActionMask = 2147483647;
			files = (
			);
			runOnlyForDeploymentPostprocessing = 0;
		};
/* End PBXResourcesBuildPhase section */

/* Begin PBXShellScriptBuildPhase section */
		2CD476B16F2AB5128FA471B4 /* [CP] Check Pods Manifest.lock */ = {
			isa = PBXShellScriptBuildPhase;
			buildActionMask = 2147483647;
			files = (
			);
			inputFileListPaths = (
			);
			inputPaths = (
				"${PODS_PODFILE_DIR_PATH}/Podfile.lock",
				"${PODS_ROOT}/Manifest.lock",
			);
			name = "[CP] Check Pods Manifest.lock";
			outputFileListPaths = (
			);
			outputPaths = (
				"$(DERIVED_FILE_DIR)/Pods-WalletPlus-WalletPlusUITests-checkManifestLockResult.txt",
			);
			runOnlyForDeploymentPostprocessing = 0;
			shellPath = /bin/sh;
			shellScript = "diff \"${PODS_PODFILE_DIR_PATH}/Podfile.lock\" \"${PODS_ROOT}/Manifest.lock\" > /dev/null\nif [ $? != 0 ] ; then\n    # print error to STDERR\n    echo \"error: The sandbox is not in sync with the Podfile.lock. Run 'pod install' or update your CocoaPods installation.\" >&2\n    exit 1\nfi\n# This output is used by Xcode 'outputs' to avoid re-running this script phase.\necho \"SUCCESS\" > \"${SCRIPT_OUTPUT_FILE_0}\"\n";
			showEnvVarsInLog = 0;
		};
		3A74CCF1E3B351908D0C7B83 /* [CP] Embed Pods Frameworks */ = {
			isa = PBXShellScriptBuildPhase;
			buildActionMask = 2147483647;
			files = (
			);
			inputFileListPaths = (
				"${PODS_ROOT}/Target Support Files/Pods-WalletPlus/Pods-WalletPlus-frameworks-${CONFIGURATION}-input-files.xcfilelist",
			);
			name = "[CP] Embed Pods Frameworks";
			outputFileListPaths = (
				"${PODS_ROOT}/Target Support Files/Pods-WalletPlus/Pods-WalletPlus-frameworks-${CONFIGURATION}-output-files.xcfilelist",
			);
			runOnlyForDeploymentPostprocessing = 0;
			shellPath = /bin/sh;
			shellScript = "\"${PODS_ROOT}/Target Support Files/Pods-WalletPlus/Pods-WalletPlus-frameworks.sh\"\n";
			showEnvVarsInLog = 0;
		};
		645B360305C0FAC893F0BE72 /* [CP] Check Pods Manifest.lock */ = {
			isa = PBXShellScriptBuildPhase;
			buildActionMask = 2147483647;
			files = (
			);
			inputFileListPaths = (
			);
			inputPaths = (
				"${PODS_PODFILE_DIR_PATH}/Podfile.lock",
				"${PODS_ROOT}/Manifest.lock",
			);
			name = "[CP] Check Pods Manifest.lock";
			outputFileListPaths = (
			);
			outputPaths = (
				"$(DERIVED_FILE_DIR)/Pods-WalletPlusTests-checkManifestLockResult.txt",
			);
			runOnlyForDeploymentPostprocessing = 0;
			shellPath = /bin/sh;
			shellScript = "diff \"${PODS_PODFILE_DIR_PATH}/Podfile.lock\" \"${PODS_ROOT}/Manifest.lock\" > /dev/null\nif [ $? != 0 ] ; then\n    # print error to STDERR\n    echo \"error: The sandbox is not in sync with the Podfile.lock. Run 'pod install' or update your CocoaPods installation.\" >&2\n    exit 1\nfi\n# This output is used by Xcode 'outputs' to avoid re-running this script phase.\necho \"SUCCESS\" > \"${SCRIPT_OUTPUT_FILE_0}\"\n";
			showEnvVarsInLog = 0;
		};
		64F2B36A4E35789C2831538C /* [CP] Embed Pods Frameworks */ = {
			isa = PBXShellScriptBuildPhase;
			buildActionMask = 2147483647;
			files = (
			);
			inputFileListPaths = (
				"${PODS_ROOT}/Target Support Files/Pods-WalletPlus-WalletPlusUITests/Pods-WalletPlus-WalletPlusUITests-frameworks-${CONFIGURATION}-input-files.xcfilelist",
			);
			name = "[CP] Embed Pods Frameworks";
			outputFileListPaths = (
				"${PODS_ROOT}/Target Support Files/Pods-WalletPlus-WalletPlusUITests/Pods-WalletPlus-WalletPlusUITests-frameworks-${CONFIGURATION}-output-files.xcfilelist",
			);
			runOnlyForDeploymentPostprocessing = 0;
			shellPath = /bin/sh;
			shellScript = "\"${PODS_ROOT}/Target Support Files/Pods-WalletPlus-WalletPlusUITests/Pods-WalletPlus-WalletPlusUITests-frameworks.sh\"\n";
			showEnvVarsInLog = 0;
		};
		A3259C1170756C1C2AC22AE1 /* [CP] Check Pods Manifest.lock */ = {
			isa = PBXShellScriptBuildPhase;
			buildActionMask = 2147483647;
			files = (
			);
			inputFileListPaths = (
			);
			inputPaths = (
				"${PODS_PODFILE_DIR_PATH}/Podfile.lock",
				"${PODS_ROOT}/Manifest.lock",
			);
			name = "[CP] Check Pods Manifest.lock";
			outputFileListPaths = (
			);
			outputPaths = (
				"$(DERIVED_FILE_DIR)/Pods-WalletPlus-checkManifestLockResult.txt",
			);
			runOnlyForDeploymentPostprocessing = 0;
			shellPath = /bin/sh;
			shellScript = "diff \"${PODS_PODFILE_DIR_PATH}/Podfile.lock\" \"${PODS_ROOT}/Manifest.lock\" > /dev/null\nif [ $? != 0 ] ; then\n    # print error to STDERR\n    echo \"error: The sandbox is not in sync with the Podfile.lock. Run 'pod install' or update your CocoaPods installation.\" >&2\n    exit 1\nfi\n# This output is used by Xcode 'outputs' to avoid re-running this script phase.\necho \"SUCCESS\" > \"${SCRIPT_OUTPUT_FILE_0}\"\n";
			showEnvVarsInLog = 0;
		};
/* End PBXShellScriptBuildPhase section */

/* Begin PBXSourcesBuildPhase section */
		1136D546262E4A6800CDB4E7 /* Sources */ = {
			isa = PBXSourcesBuildPhase;
			buildActionMask = 2147483647;
			files = (
				1188CFFE263A1B6300FD489C /* AmountFormatter.swift in Sources */,
				11E59A87266E9BD2008452EF /* AmountFormatterInteractor.swift in Sources */,
				114BD9DA2667C0AE00C4F9F6 /* TransactionRemoteEntity.swift in Sources */,
				11470001269CF26B00C9CE74 /* GetExpenseCategories.swift in Sources */,
				11104C92262F904F00F94902 /* Wallet.swift in Sources */,
				114563A126378EFF0068C58F /* GetContainerTotal.swift in Sources */,
				11BE0231268E6861004EFED9 /* GetAllTransactionsInteractor.swift in Sources */,
				1162FD2026652F1100B21EBC /* ContainersListView.swift in Sources */,
				1147FFFF269CF20F00C9CE74 /* GetIncomeCategories.swift in Sources */,
				11BE024826951AC9004EFED9 /* CategoryRemoteEntity.swift in Sources */,
				11BE024C26951EE9004EFED9 /* CategoryRemoteDataSource.swift in Sources */,
				116912EB2649476E00C01B69 /* GetDates.swift in Sources */,
				11470007269D132E00C9CE74 /* AvailableContainersListView.swift in Sources */,
				11BE02502695217C004EFED9 /* GetCategoriesInteractor.swift in Sources */,
				114BD9DC2667C0C200C4F9F6 /* TransactionRemoteEntityMapper.swift in Sources */,
				114BD9D62667C03C00C4F9F6 /* TransactionsContainerRemoteEntityMapper.swift in Sources */,
				11104E622630DAB000F94902 /* SegmentedControlView.swift in Sources */,
				11BE024E269520BA004EFED9 /* CategoryRepository.swift in Sources */,
				1145639726378B0F0068C58F /* ContainersListViewModel.swift in Sources */,
				11104CA2262F9B5B00F94902 /* TransactionContainerOverview.swift in Sources */,
				114BD9EF2669647300C4F9F6 /* GetTransactionsContainerInteractor.swift in Sources */,
				11BE022F268BD672004EFED9 /* GetTransactionsFromContainerInteractor.swift in Sources */,
				1145639C26378D170068C58F /* ContainerList.swift in Sources */,
				11BE0233268F6967004EFED9 /* TransactionsSection.swift in Sources */,
				11346A0226850BA000335CD3 /* TransactionsContainerRepository.swift in Sources */,
				115C4FF42634DF330008D217 /* CategoryRow.swift in Sources */,
				115C50012634E6600008D217 /* DisplayableCategory.swift in Sources */,
				11470005269CF37200C9CE74 /* CategoriesListViewModel.swift in Sources */,
				11B9C48D267180BC00949132 /* SaveTransactionInteractor.swift in Sources */,
				1136D550262E4A6900CDB4E7 /* ContentView.swift in Sources */,
				116913352649FDD900C01B69 /* CreateTransaction.swift in Sources */,
				11BE022D268BD50A004EFED9 /* TransactionsRepository.swift in Sources */,
				11019E6126B84CE3007AAD1B /* DeleteTransactionInteractor.swift in Sources */,
				117BC642266FFFD400F8F036 /* TransactionRemoteDataSource.swift in Sources */,
				116914AA264BF7ED00C01B69 /* CreateTransactionView.swift in Sources */,
				11BF7EF02641605F00C6D01E /* TransactionsListTab.swift in Sources */,
				1136D54E262E4A6900CDB4E7 /* WalletPlusApp.swift in Sources */,
				11E59A83266E8698008452EF /* GetIncomeTransactionsFromContainerInteractor.swift in Sources */,
				11B9C48B2671808D00949132 /* CreateTransactionViewModel.swift in Sources */,
				117BFAB426658EAC009D4318 /* TransactionsContainerRemoteDataSource.swift in Sources */,
				1136D585262E4AE900CDB4E7 /* Transaction.swift in Sources */,
				1155EE6F26E29B2F00A72AC3 /* MoreTabView.swift in Sources */,
				11691337264A005B00C01B69 /* FloatingButton.swift in Sources */,
				11104CA7262F9BD800F94902 /* TransactionContainerViewModel.swift in Sources */,
				1162FD1E2665277100B21EBC /* WalletRowView.swift in Sources */,
				11BE024A26951CF4004EFED9 /* CategoryRemoteEntityMapper.swift in Sources */,
				11470003269CF35B00C9CE74 /* CategoriesListView.swift in Sources */,
				11BE023D26951398004EFED9 /* Category.swift in Sources */,
				114BD9D82667C08200C4F9F6 /* TransactionsContainerRemoteEntity.swift in Sources */,
				11104A66262E5FB600F94902 /* TransactionRow.swift in Sources */,
				11104A61262E5F5000F94902 /* TransactionsViewModel.swift in Sources */,
				113469FF268506EC00335CD3 /* TransactionContainerLocalDataSource.swift in Sources */,
				11104A58262E4F1400F94902 /* TransactionsListView.swift in Sources */,
				11BE023F269515C4004EFED9 /* TransactionType.swift in Sources */,
				11E59A7F266E6364008452EF /* GetTransactionsInteractor.swift in Sources */,
				11E59A85266E8876008452EF /* GetExpenseTransactionsFromContainerInteractor.swift in Sources */,
				11104AE6262F45FB00F94902 /* TransactionSectionView.swift in Sources */,
			);
			runOnlyForDeploymentPostprocessing = 0;
		};
		1136D557262E4A6900CDB4E7 /* Sources */ = {
			isa = PBXSourcesBuildPhase;
			buildActionMask = 2147483647;
			files = (
				11104C97262F910C00F94902 /* WalletTest.swift in Sources */,
				116912ED264947FF00C01B69 /* GetDatesFromTransactionsTest.swift in Sources */,
				1136D57F262E4AC400CDB4E7 /* TransactionTest.swift in Sources */,
				1136D560262E4A6900CDB4E7 /* WalletPlusTests.swift in Sources */,
				115C500C26361AB30008D217 /* GroupTest.swift in Sources */,
			);
			runOnlyForDeploymentPostprocessing = 0;
		};
		1136D562262E4A6900CDB4E7 /* Sources */ = {
			isa = PBXSourcesBuildPhase;
			buildActionMask = 2147483647;
			files = (
				1136D56B262E4A6900CDB4E7 /* WalletPlusUITests.swift in Sources */,
			);
			runOnlyForDeploymentPostprocessing = 0;
		};
/* End PBXSourcesBuildPhase section */

/* Begin PBXTargetDependency section */
		1136D55D262E4A6900CDB4E7 /* PBXTargetDependency */ = {
			isa = PBXTargetDependency;
			target = 1136D549262E4A6800CDB4E7 /* WalletPlus */;
			targetProxy = 1136D55C262E4A6900CDB4E7 /* PBXContainerItemProxy */;
		};
		1136D568262E4A6900CDB4E7 /* PBXTargetDependency */ = {
			isa = PBXTargetDependency;
			target = 1136D549262E4A6800CDB4E7 /* WalletPlus */;
			targetProxy = 1136D567262E4A6900CDB4E7 /* PBXContainerItemProxy */;
		};
/* End PBXTargetDependency section */

/* Begin XCBuildConfiguration section */
		1136D56D262E4A6900CDB4E7 /* Debug */ = {
			isa = XCBuildConfiguration;
			buildSettings = {
				ALWAYS_SEARCH_USER_PATHS = NO;
				CLANG_ANALYZER_NONNULL = YES;
				CLANG_ANALYZER_NUMBER_OBJECT_CONVERSION = YES_AGGRESSIVE;
				CLANG_CXX_LANGUAGE_STANDARD = "gnu++14";
				CLANG_CXX_LIBRARY = "libc++";
				CLANG_ENABLE_MODULES = YES;
				CLANG_ENABLE_OBJC_ARC = YES;
				CLANG_ENABLE_OBJC_WEAK = YES;
				CLANG_WARN_BLOCK_CAPTURE_AUTORELEASING = YES;
				CLANG_WARN_BOOL_CONVERSION = YES;
				CLANG_WARN_COMMA = YES;
				CLANG_WARN_CONSTANT_CONVERSION = YES;
				CLANG_WARN_DEPRECATED_OBJC_IMPLEMENTATIONS = YES;
				CLANG_WARN_DIRECT_OBJC_ISA_USAGE = YES_ERROR;
				CLANG_WARN_DOCUMENTATION_COMMENTS = YES;
				CLANG_WARN_EMPTY_BODY = YES;
				CLANG_WARN_ENUM_CONVERSION = YES;
				CLANG_WARN_INFINITE_RECURSION = YES;
				CLANG_WARN_INT_CONVERSION = YES;
				CLANG_WARN_NON_LITERAL_NULL_CONVERSION = YES;
				CLANG_WARN_OBJC_IMPLICIT_RETAIN_SELF = YES;
				CLANG_WARN_OBJC_LITERAL_CONVERSION = YES;
				CLANG_WARN_OBJC_ROOT_CLASS = YES_ERROR;
				CLANG_WARN_QUOTED_INCLUDE_IN_FRAMEWORK_HEADER = YES;
				CLANG_WARN_RANGE_LOOP_ANALYSIS = YES;
				CLANG_WARN_STRICT_PROTOTYPES = YES;
				CLANG_WARN_SUSPICIOUS_MOVE = YES;
				CLANG_WARN_UNGUARDED_AVAILABILITY = YES_AGGRESSIVE;
				CLANG_WARN_UNREACHABLE_CODE = YES;
				CLANG_WARN__DUPLICATE_METHOD_MATCH = YES;
				COPY_PHASE_STRIP = NO;
				DEBUG_INFORMATION_FORMAT = dwarf;
				ENABLE_STRICT_OBJC_MSGSEND = YES;
				ENABLE_TESTABILITY = YES;
				GCC_C_LANGUAGE_STANDARD = gnu11;
				GCC_DYNAMIC_NO_PIC = NO;
				GCC_NO_COMMON_BLOCKS = YES;
				GCC_OPTIMIZATION_LEVEL = 0;
				GCC_PREPROCESSOR_DEFINITIONS = (
					"DEBUG=1",
					"$(inherited)",
				);
				GCC_WARN_64_TO_32_BIT_CONVERSION = YES;
				GCC_WARN_ABOUT_RETURN_TYPE = YES_ERROR;
				GCC_WARN_UNDECLARED_SELECTOR = YES;
				GCC_WARN_UNINITIALIZED_AUTOS = YES_AGGRESSIVE;
				GCC_WARN_UNUSED_FUNCTION = YES;
				GCC_WARN_UNUSED_VARIABLE = YES;
				IPHONEOS_DEPLOYMENT_TARGET = 14.1;
				MTL_ENABLE_DEBUG_INFO = INCLUDE_SOURCE;
				MTL_FAST_MATH = YES;
				ONLY_ACTIVE_ARCH = YES;
				SDKROOT = iphoneos;
				SWIFT_ACTIVE_COMPILATION_CONDITIONS = DEBUG;
				SWIFT_OPTIMIZATION_LEVEL = "-Onone";
			};
			name = Debug;
		};
		1136D56E262E4A6900CDB4E7 /* Release */ = {
			isa = XCBuildConfiguration;
			buildSettings = {
				ALWAYS_SEARCH_USER_PATHS = NO;
				CLANG_ANALYZER_NONNULL = YES;
				CLANG_ANALYZER_NUMBER_OBJECT_CONVERSION = YES_AGGRESSIVE;
				CLANG_CXX_LANGUAGE_STANDARD = "gnu++14";
				CLANG_CXX_LIBRARY = "libc++";
				CLANG_ENABLE_MODULES = YES;
				CLANG_ENABLE_OBJC_ARC = YES;
				CLANG_ENABLE_OBJC_WEAK = YES;
				CLANG_WARN_BLOCK_CAPTURE_AUTORELEASING = YES;
				CLANG_WARN_BOOL_CONVERSION = YES;
				CLANG_WARN_COMMA = YES;
				CLANG_WARN_CONSTANT_CONVERSION = YES;
				CLANG_WARN_DEPRECATED_OBJC_IMPLEMENTATIONS = YES;
				CLANG_WARN_DIRECT_OBJC_ISA_USAGE = YES_ERROR;
				CLANG_WARN_DOCUMENTATION_COMMENTS = YES;
				CLANG_WARN_EMPTY_BODY = YES;
				CLANG_WARN_ENUM_CONVERSION = YES;
				CLANG_WARN_INFINITE_RECURSION = YES;
				CLANG_WARN_INT_CONVERSION = YES;
				CLANG_WARN_NON_LITERAL_NULL_CONVERSION = YES;
				CLANG_WARN_OBJC_IMPLICIT_RETAIN_SELF = YES;
				CLANG_WARN_OBJC_LITERAL_CONVERSION = YES;
				CLANG_WARN_OBJC_ROOT_CLASS = YES_ERROR;
				CLANG_WARN_QUOTED_INCLUDE_IN_FRAMEWORK_HEADER = YES;
				CLANG_WARN_RANGE_LOOP_ANALYSIS = YES;
				CLANG_WARN_STRICT_PROTOTYPES = YES;
				CLANG_WARN_SUSPICIOUS_MOVE = YES;
				CLANG_WARN_UNGUARDED_AVAILABILITY = YES_AGGRESSIVE;
				CLANG_WARN_UNREACHABLE_CODE = YES;
				CLANG_WARN__DUPLICATE_METHOD_MATCH = YES;
				COPY_PHASE_STRIP = NO;
				DEBUG_INFORMATION_FORMAT = "dwarf-with-dsym";
				ENABLE_NS_ASSERTIONS = NO;
				ENABLE_STRICT_OBJC_MSGSEND = YES;
				GCC_C_LANGUAGE_STANDARD = gnu11;
				GCC_NO_COMMON_BLOCKS = YES;
				GCC_WARN_64_TO_32_BIT_CONVERSION = YES;
				GCC_WARN_ABOUT_RETURN_TYPE = YES_ERROR;
				GCC_WARN_UNDECLARED_SELECTOR = YES;
				GCC_WARN_UNINITIALIZED_AUTOS = YES_AGGRESSIVE;
				GCC_WARN_UNUSED_FUNCTION = YES;
				GCC_WARN_UNUSED_VARIABLE = YES;
				IPHONEOS_DEPLOYMENT_TARGET = 14.1;
				MTL_ENABLE_DEBUG_INFO = NO;
				MTL_FAST_MATH = YES;
				SDKROOT = iphoneos;
				SWIFT_COMPILATION_MODE = wholemodule;
				SWIFT_OPTIMIZATION_LEVEL = "-O";
				VALIDATE_PRODUCT = YES;
			};
			name = Release;
		};
		1136D570262E4A6900CDB4E7 /* Debug */ = {
			isa = XCBuildConfiguration;
			baseConfigurationReference = ED709F7C427049923593D3A2 /* Pods-WalletPlus.debug.xcconfig */;
			buildSettings = {
				ASSETCATALOG_COMPILER_APPICON_NAME = AppIcon;
				ASSETCATALOG_COMPILER_GLOBAL_ACCENT_COLOR_NAME = AccentColor;
				CODE_SIGN_STYLE = Automatic;
				DEVELOPMENT_ASSET_PATHS = "\"WalletPlus/Preview Content\"";
				DEVELOPMENT_TEAM = 3JF6M2L57N;
				ENABLE_PREVIEWS = YES;
				INFOPLIST_FILE = WalletPlus/Info.plist;
				IPHONEOS_DEPLOYMENT_TARGET = 14.0;
				LD_RUNPATH_SEARCH_PATHS = (
					"$(inherited)",
					"@executable_path/Frameworks",
				);
				PRODUCT_BUNDLE_IDENTIFIER = com.ching.WalletPlus;
				PRODUCT_NAME = "$(TARGET_NAME)";
				SWIFT_VERSION = 5.0;
				TARGETED_DEVICE_FAMILY = "1,2";
			};
			name = Debug;
		};
		1136D571262E4A6900CDB4E7 /* Release */ = {
			isa = XCBuildConfiguration;
			baseConfigurationReference = 60256D91211C3A06FE103DDB /* Pods-WalletPlus.release.xcconfig */;
			buildSettings = {
				ASSETCATALOG_COMPILER_APPICON_NAME = AppIcon;
				ASSETCATALOG_COMPILER_GLOBAL_ACCENT_COLOR_NAME = AccentColor;
				CODE_SIGN_STYLE = Automatic;
				DEVELOPMENT_ASSET_PATHS = "\"WalletPlus/Preview Content\"";
				DEVELOPMENT_TEAM = 3JF6M2L57N;
				ENABLE_PREVIEWS = YES;
				INFOPLIST_FILE = WalletPlus/Info.plist;
				IPHONEOS_DEPLOYMENT_TARGET = 14.0;
				LD_RUNPATH_SEARCH_PATHS = (
					"$(inherited)",
					"@executable_path/Frameworks",
				);
				PRODUCT_BUNDLE_IDENTIFIER = com.ching.WalletPlus;
				PRODUCT_NAME = "$(TARGET_NAME)";
				SWIFT_VERSION = 5.0;
				TARGETED_DEVICE_FAMILY = "1,2";
			};
			name = Release;
		};
		1136D573262E4A6900CDB4E7 /* Debug */ = {
			isa = XCBuildConfiguration;
			baseConfigurationReference = 3B38E253EE3C157D95A618BD /* Pods-WalletPlusTests.debug.xcconfig */;
			buildSettings = {
				ALWAYS_EMBED_SWIFT_STANDARD_LIBRARIES = YES;
				BUNDLE_LOADER = "$(TEST_HOST)";
				CODE_SIGN_STYLE = Automatic;
				DEVELOPMENT_TEAM = 3JF6M2L57N;
				INFOPLIST_FILE = WalletPlusTests/Info.plist;
				IPHONEOS_DEPLOYMENT_TARGET = 14.0;
				LD_RUNPATH_SEARCH_PATHS = (
					"$(inherited)",
					"@executable_path/Frameworks",
					"@loader_path/Frameworks",
				);
				PRODUCT_BUNDLE_IDENTIFIER = com.ching.WalletPlusTests;
				PRODUCT_NAME = "$(TARGET_NAME)";
				SWIFT_VERSION = 5.0;
				TARGETED_DEVICE_FAMILY = "1,2";
				TEST_HOST = "$(BUILT_PRODUCTS_DIR)/WalletPlus.app/WalletPlus";
			};
			name = Debug;
		};
		1136D574262E4A6900CDB4E7 /* Release */ = {
			isa = XCBuildConfiguration;
			baseConfigurationReference = 4178E362268B0128CA648C75 /* Pods-WalletPlusTests.release.xcconfig */;
			buildSettings = {
				ALWAYS_EMBED_SWIFT_STANDARD_LIBRARIES = YES;
				BUNDLE_LOADER = "$(TEST_HOST)";
				CODE_SIGN_STYLE = Automatic;
				DEVELOPMENT_TEAM = 3JF6M2L57N;
				INFOPLIST_FILE = WalletPlusTests/Info.plist;
				IPHONEOS_DEPLOYMENT_TARGET = 14.0;
				LD_RUNPATH_SEARCH_PATHS = (
					"$(inherited)",
					"@executable_path/Frameworks",
					"@loader_path/Frameworks",
				);
				PRODUCT_BUNDLE_IDENTIFIER = com.ching.WalletPlusTests;
				PRODUCT_NAME = "$(TARGET_NAME)";
				SWIFT_VERSION = 5.0;
				TARGETED_DEVICE_FAMILY = "1,2";
				TEST_HOST = "$(BUILT_PRODUCTS_DIR)/WalletPlus.app/WalletPlus";
			};
			name = Release;
		};
		1136D576262E4A6900CDB4E7 /* Debug */ = {
			isa = XCBuildConfiguration;
			baseConfigurationReference = 3694C332BC4267329F36575C /* Pods-WalletPlus-WalletPlusUITests.debug.xcconfig */;
			buildSettings = {
				ALWAYS_EMBED_SWIFT_STANDARD_LIBRARIES = YES;
				CODE_SIGN_STYLE = Automatic;
				DEVELOPMENT_TEAM = 3JF6M2L57N;
				INFOPLIST_FILE = WalletPlusUITests/Info.plist;
				LD_RUNPATH_SEARCH_PATHS = (
					"$(inherited)",
					"@executable_path/Frameworks",
					"@loader_path/Frameworks",
				);
				PRODUCT_BUNDLE_IDENTIFIER = com.ching.WalletPlusUITests;
				PRODUCT_NAME = "$(TARGET_NAME)";
				SWIFT_VERSION = 5.0;
				TARGETED_DEVICE_FAMILY = "1,2";
				TEST_TARGET_NAME = WalletPlus;
			};
			name = Debug;
		};
		1136D577262E4A6900CDB4E7 /* Release */ = {
			isa = XCBuildConfiguration;
			baseConfigurationReference = 5E95CF6CE6A42B1EC2D7EEBA /* Pods-WalletPlus-WalletPlusUITests.release.xcconfig */;
			buildSettings = {
				ALWAYS_EMBED_SWIFT_STANDARD_LIBRARIES = YES;
				CODE_SIGN_STYLE = Automatic;
				DEVELOPMENT_TEAM = 3JF6M2L57N;
				INFOPLIST_FILE = WalletPlusUITests/Info.plist;
				LD_RUNPATH_SEARCH_PATHS = (
					"$(inherited)",
					"@executable_path/Frameworks",
					"@loader_path/Frameworks",
				);
				PRODUCT_BUNDLE_IDENTIFIER = com.ching.WalletPlusUITests;
				PRODUCT_NAME = "$(TARGET_NAME)";
				SWIFT_VERSION = 5.0;
				TARGETED_DEVICE_FAMILY = "1,2";
				TEST_TARGET_NAME = WalletPlus;
			};
			name = Release;
		};
/* End XCBuildConfiguration section */

/* Begin XCConfigurationList section */
		1136D545262E4A6800CDB4E7 /* Build configuration list for PBXProject "WalletPlus" */ = {
			isa = XCConfigurationList;
			buildConfigurations = (
				1136D56D262E4A6900CDB4E7 /* Debug */,
				1136D56E262E4A6900CDB4E7 /* Release */,
			);
			defaultConfigurationIsVisible = 0;
			defaultConfigurationName = Release;
		};
		1136D56F262E4A6900CDB4E7 /* Build configuration list for PBXNativeTarget "WalletPlus" */ = {
			isa = XCConfigurationList;
			buildConfigurations = (
				1136D570262E4A6900CDB4E7 /* Debug */,
				1136D571262E4A6900CDB4E7 /* Release */,
			);
			defaultConfigurationIsVisible = 0;
			defaultConfigurationName = Release;
		};
		1136D572262E4A6900CDB4E7 /* Build configuration list for PBXNativeTarget "WalletPlusTests" */ = {
			isa = XCConfigurationList;
			buildConfigurations = (
				1136D573262E4A6900CDB4E7 /* Debug */,
				1136D574262E4A6900CDB4E7 /* Release */,
			);
			defaultConfigurationIsVisible = 0;
			defaultConfigurationName = Release;
		};
		1136D575262E4A6900CDB4E7 /* Build configuration list for PBXNativeTarget "WalletPlusUITests" */ = {
			isa = XCConfigurationList;
			buildConfigurations = (
				1136D576262E4A6900CDB4E7 /* Debug */,
				1136D577262E4A6900CDB4E7 /* Release */,
			);
			defaultConfigurationIsVisible = 0;
			defaultConfigurationName = Release;
		};
/* End XCConfigurationList section */
	};
	rootObject = 1136D542262E4A6800CDB4E7 /* Project object */;
}
