// !$*UTF8*$!
{
	archiveVersion = 1;
	classes = {
	};
	objectVersion = 50;
	objects = {

/* Begin PBXBuildFile section */
		11104A3F262E4C7600F94902 /* IncomeTransaction.swift in Sources */ = {isa = PBXBuildFile; fileRef = 11104A3E262E4C7600F94902 /* IncomeTransaction.swift */; };
		11104A44262E4DF200F94902 /* ExpenseTransaction.swift in Sources */ = {isa = PBXBuildFile; fileRef = 11104A43262E4DF200F94902 /* ExpenseTransaction.swift */; };
		1136D54E262E4A6900CDB4E7 /* WalletPlusApp.swift in Sources */ = {isa = PBXBuildFile; fileRef = 1136D54D262E4A6900CDB4E7 /* WalletPlusApp.swift */; };
		1136D550262E4A6900CDB4E7 /* ContentView.swift in Sources */ = {isa = PBXBuildFile; fileRef = 1136D54F262E4A6900CDB4E7 /* ContentView.swift */; };
		1136D552262E4A6900CDB4E7 /* Assets.xcassets in Resources */ = {isa = PBXBuildFile; fileRef = 1136D551262E4A6900CDB4E7 /* Assets.xcassets */; };
		1136D555262E4A6900CDB4E7 /* Preview Assets.xcassets in Resources */ = {isa = PBXBuildFile; fileRef = 1136D554262E4A6900CDB4E7 /* Preview Assets.xcassets */; };
		1136D560262E4A6900CDB4E7 /* WalletPlusTests.swift in Sources */ = {isa = PBXBuildFile; fileRef = 1136D55F262E4A6900CDB4E7 /* WalletPlusTests.swift */; };
		1136D56B262E4A6900CDB4E7 /* WalletPlusUITests.swift in Sources */ = {isa = PBXBuildFile; fileRef = 1136D56A262E4A6900CDB4E7 /* WalletPlusUITests.swift */; };
		1136D57F262E4AC400CDB4E7 /* TransactionTest.swift in Sources */ = {isa = PBXBuildFile; fileRef = 1136D57E262E4AC400CDB4E7 /* TransactionTest.swift */; };
		1136D585262E4AE900CDB4E7 /* Transaction.swift in Sources */ = {isa = PBXBuildFile; fileRef = 1136D584262E4AE900CDB4E7 /* Transaction.swift */; };
/* End PBXBuildFile section */

/* Begin PBXContainerItemProxy section */
		1136D55C262E4A6900CDB4E7 /* PBXContainerItemProxy */ = {
			isa = PBXContainerItemProxy;
			containerPortal = 1136D542262E4A6800CDB4E7 /* Project object */;
			proxyType = 1;
			remoteGlobalIDString = 1136D549262E4A6800CDB4E7;
			remoteInfo = WalletPlus;
		};
		1136D567262E4A6900CDB4E7 /* PBXContainerItemProxy */ = {
			isa = PBXContainerItemProxy;
			containerPortal = 1136D542262E4A6800CDB4E7 /* Project object */;
			proxyType = 1;
			remoteGlobalIDString = 1136D549262E4A6800CDB4E7;
			remoteInfo = WalletPlus;
		};
/* End PBXContainerItemProxy section */

/* Begin PBXFileReference section */
		11104A3E262E4C7600F94902 /* IncomeTransaction.swift */ = {isa = PBXFileReference; lastKnownFileType = sourcecode.swift; path = IncomeTransaction.swift; sourceTree = "<group>"; };
		11104A43262E4DF200F94902 /* ExpenseTransaction.swift */ = {isa = PBXFileReference; lastKnownFileType = sourcecode.swift; path = ExpenseTransaction.swift; sourceTree = "<group>"; };
		1136D54A262E4A6800CDB4E7 /* WalletPlus.app */ = {isa = PBXFileReference; explicitFileType = wrapper.application; includeInIndex = 0; path = WalletPlus.app; sourceTree = BUILT_PRODUCTS_DIR; };
		1136D54D262E4A6900CDB4E7 /* WalletPlusApp.swift */ = {isa = PBXFileReference; lastKnownFileType = sourcecode.swift; path = WalletPlusApp.swift; sourceTree = "<group>"; };
		1136D54F262E4A6900CDB4E7 /* ContentView.swift */ = {isa = PBXFileReference; lastKnownFileType = sourcecode.swift; path = ContentView.swift; sourceTree = "<group>"; };
		1136D551262E4A6900CDB4E7 /* Assets.xcassets */ = {isa = PBXFileReference; lastKnownFileType = folder.assetcatalog; path = Assets.xcassets; sourceTree = "<group>"; };
		1136D554262E4A6900CDB4E7 /* Preview Assets.xcassets */ = {isa = PBXFileReference; lastKnownFileType = folder.assetcatalog; path = "Preview Assets.xcassets"; sourceTree = "<group>"; };
		1136D556262E4A6900CDB4E7 /* Info.plist */ = {isa = PBXFileReference; lastKnownFileType = text.plist.xml; path = Info.plist; sourceTree = "<group>"; };
		1136D55B262E4A6900CDB4E7 /* WalletPlusTests.xctest */ = {isa = PBXFileReference; explicitFileType = wrapper.cfbundle; includeInIndex = 0; path = WalletPlusTests.xctest; sourceTree = BUILT_PRODUCTS_DIR; };
		1136D55F262E4A6900CDB4E7 /* WalletPlusTests.swift */ = {isa = PBXFileReference; lastKnownFileType = sourcecode.swift; path = WalletPlusTests.swift; sourceTree = "<group>"; };
		1136D561262E4A6900CDB4E7 /* Info.plist */ = {isa = PBXFileReference; lastKnownFileType = text.plist.xml; path = Info.plist; sourceTree = "<group>"; };
		1136D566262E4A6900CDB4E7 /* WalletPlusUITests.xctest */ = {isa = PBXFileReference; explicitFileType = wrapper.cfbundle; includeInIndex = 0; path = WalletPlusUITests.xctest; sourceTree = BUILT_PRODUCTS_DIR; };
		1136D56A262E4A6900CDB4E7 /* WalletPlusUITests.swift */ = {isa = PBXFileReference; lastKnownFileType = sourcecode.swift; path = WalletPlusUITests.swift; sourceTree = "<group>"; };
		1136D56C262E4A6900CDB4E7 /* Info.plist */ = {isa = PBXFileReference; lastKnownFileType = text.plist.xml; path = Info.plist; sourceTree = "<group>"; };
		1136D57E262E4AC400CDB4E7 /* TransactionTest.swift */ = {isa = PBXFileReference; lastKnownFileType = sourcecode.swift; path = TransactionTest.swift; sourceTree = "<group>"; };
		1136D584262E4AE900CDB4E7 /* Transaction.swift */ = {isa = PBXFileReference; lastKnownFileType = sourcecode.swift; path = Transaction.swift; sourceTree = "<group>"; };
/* End PBXFileReference section */

/* Begin PBXFrameworksBuildPhase section */
		1136D547262E4A6800CDB4E7 /* Frameworks */ = {
			isa = PBXFrameworksBuildPhase;
			buildActionMask = 2147483647;
			files = (
			);
			runOnlyForDeploymentPostprocessing = 0;
		};
		1136D558262E4A6900CDB4E7 /* Frameworks */ = {
			isa = PBXFrameworksBuildPhase;
			buildActionMask = 2147483647;
			files = (
			);
			runOnlyForDeploymentPostprocessing = 0;
		};
		1136D563262E4A6900CDB4E7 /* Frameworks */ = {
			isa = PBXFrameworksBuildPhase;
			buildActionMask = 2147483647;
			files = (
			);
			runOnlyForDeploymentPostprocessing = 0;
		};
/* End PBXFrameworksBuildPhase section */

/* Begin PBXGroup section */
		1136D541262E4A6800CDB4E7 = {
			isa = PBXGroup;
			children = (
				1136D54C262E4A6800CDB4E7 /* WalletPlus */,
				1136D55E262E4A6900CDB4E7 /* WalletPlusTests */,
				1136D569262E4A6900CDB4E7 /* WalletPlusUITests */,
				1136D54B262E4A6800CDB4E7 /* Products */,
			);
			sourceTree = "<group>";
		};
		1136D54B262E4A6800CDB4E7 /* Products */ = {
			isa = PBXGroup;
			children = (
				1136D54A262E4A6800CDB4E7 /* WalletPlus.app */,
				1136D55B262E4A6900CDB4E7 /* WalletPlusTests.xctest */,
				1136D566262E4A6900CDB4E7 /* WalletPlusUITests.xctest */,
			);
			name = Products;
			sourceTree = "<group>";
		};
		1136D54C262E4A6800CDB4E7 /* WalletPlus */ = {
			isa = PBXGroup;
			children = (
				1136D583262E4ACB00CDB4E7 /* Model */,
				1136D54D262E4A6900CDB4E7 /* WalletPlusApp.swift */,
				1136D54F262E4A6900CDB4E7 /* ContentView.swift */,
				1136D551262E4A6900CDB4E7 /* Assets.xcassets */,
				1136D556262E4A6900CDB4E7 /* Info.plist */,
				1136D553262E4A6900CDB4E7 /* Preview Content */,
			);
			path = WalletPlus;
			sourceTree = "<group>";
		};
		1136D553262E4A6900CDB4E7 /* Preview Content */ = {
			isa = PBXGroup;
			children = (
				1136D554262E4A6900CDB4E7 /* Preview Assets.xcassets */,
			);
			path = "Preview Content";
			sourceTree = "<group>";
		};
		1136D55E262E4A6900CDB4E7 /* WalletPlusTests */ = {
			isa = PBXGroup;
			children = (
				1136D55F262E4A6900CDB4E7 /* WalletPlusTests.swift */,
				1136D561262E4A6900CDB4E7 /* Info.plist */,
				1136D57E262E4AC400CDB4E7 /* TransactionTest.swift */,
			);
			path = WalletPlusTests;
			sourceTree = "<group>";
		};
		1136D569262E4A6900CDB4E7 /* WalletPlusUITests */ = {
			isa = PBXGroup;
			children = (
				1136D56A262E4A6900CDB4E7 /* WalletPlusUITests.swift */,
				1136D56C262E4A6900CDB4E7 /* Info.plist */,
			);
			path = WalletPlusUITests;
			sourceTree = "<group>";
		};
		1136D583262E4ACB00CDB4E7 /* Model */ = {
			isa = PBXGroup;
			children = (
				1136D584262E4AE900CDB4E7 /* Transaction.swift */,
				11104A3E262E4C7600F94902 /* IncomeTransaction.swift */,
				11104A43262E4DF200F94902 /* ExpenseTransaction.swift */,
			);
			path = Model;
			sourceTree = "<group>";
		};
/* End PBXGroup section */

/* Begin PBXNativeTarget section */
		1136D549262E4A6800CDB4E7 /* WalletPlus */ = {
			isa = PBXNativeTarget;
			buildConfigurationList = 1136D56F262E4A6900CDB4E7 /* Build configuration list for PBXNativeTarget "WalletPlus" */;
			buildPhases = (
				1136D546262E4A6800CDB4E7 /* Sources */,
				1136D547262E4A6800CDB4E7 /* Frameworks */,
				1136D548262E4A6800CDB4E7 /* Resources */,
			);
			buildRules = (
			);
			dependencies = (
			);
			name = WalletPlus;
			productName = WalletPlus;
			productReference = 1136D54A262E4A6800CDB4E7 /* WalletPlus.app */;
			productType = "com.apple.product-type.application";
		};
		1136D55A262E4A6900CDB4E7 /* WalletPlusTests */ = {
			isa = PBXNativeTarget;
			buildConfigurationList = 1136D572262E4A6900CDB4E7 /* Build configuration list for PBXNativeTarget "WalletPlusTests" */;
			buildPhases = (
				1136D557262E4A6900CDB4E7 /* Sources */,
				1136D558262E4A6900CDB4E7 /* Frameworks */,
				1136D559262E4A6900CDB4E7 /* Resources */,
			);
			buildRules = (
			);
			dependencies = (
				1136D55D262E4A6900CDB4E7 /* PBXTargetDependency */,
			);
			name = WalletPlusTests;
			productName = WalletPlusTests;
			productReference = 1136D55B262E4A6900CDB4E7 /* WalletPlusTests.xctest */;
			productType = "com.apple.product-type.bundle.unit-test";
		};
		1136D565262E4A6900CDB4E7 /* WalletPlusUITests */ = {
			isa = PBXNativeTarget;
			buildConfigurationList = 1136D575262E4A6900CDB4E7 /* Build configuration list for PBXNativeTarget "WalletPlusUITests" */;
			buildPhases = (
				1136D562262E4A6900CDB4E7 /* Sources */,
				1136D563262E4A6900CDB4E7 /* Frameworks */,
				1136D564262E4A6900CDB4E7 /* Resources */,
			);
			buildRules = (
			);
			dependencies = (
				1136D568262E4A6900CDB4E7 /* PBXTargetDependency */,
			);
			name = WalletPlusUITests;
			productName = WalletPlusUITests;
			productReference = 1136D566262E4A6900CDB4E7 /* WalletPlusUITests.xctest */;
			productType = "com.apple.product-type.bundle.ui-testing";
		};
/* End PBXNativeTarget section */

/* Begin PBXProject section */
		1136D542262E4A6800CDB4E7 /* Project object */ = {
			isa = PBXProject;
			attributes = {
				LastSwiftUpdateCheck = 1240;
				LastUpgradeCheck = 1240;
				TargetAttributes = {
					1136D549262E4A6800CDB4E7 = {
						CreatedOnToolsVersion = 12.4;
					};
					1136D55A262E4A6900CDB4E7 = {
						CreatedOnToolsVersion = 12.4;
						TestTargetID = 1136D549262E4A6800CDB4E7;
					};
					1136D565262E4A6900CDB4E7 = {
						CreatedOnToolsVersion = 12.4;
						TestTargetID = 1136D549262E4A6800CDB4E7;
					};
				};
			};
			buildConfigurationList = 1136D545262E4A6800CDB4E7 /* Build configuration list for PBXProject "WalletPlus" */;
			compatibilityVersion = "Xcode 9.3";
			developmentRegion = en;
			hasScannedForEncodings = 0;
			knownRegions = (
				en,
				Base,
			);
			mainGroup = 1136D541262E4A6800CDB4E7;
			productRefGroup = 1136D54B262E4A6800CDB4E7 /* Products */;
			projectDirPath = "";
			projectRoot = "";
			targets = (
				1136D549262E4A6800CDB4E7 /* WalletPlus */,
				1136D55A262E4A6900CDB4E7 /* WalletPlusTests */,
				1136D565262E4A6900CDB4E7 /* WalletPlusUITests */,
			);
		};
/* End PBXProject section */

/* Begin PBXResourcesBuildPhase section */
		1136D548262E4A6800CDB4E7 /* Resources */ = {
			isa = PBXResourcesBuildPhase;
			buildActionMask = 2147483647;
			files = (
				1136D555262E4A6900CDB4E7 /* Preview Assets.xcassets in Resources */,
				1136D552262E4A6900CDB4E7 /* Assets.xcassets in Resources */,
			);
			runOnlyForDeploymentPostprocessing = 0;
		};
		1136D559262E4A6900CDB4E7 /* Resources */ = {
			isa = PBXResourcesBuildPhase;
			buildActionMask = 2147483647;
			files = (
			);
			runOnlyForDeploymentPostprocessing = 0;
		};
		1136D564262E4A6900CDB4E7 /* Resources */ = {
			isa = PBXResourcesBuildPhase;
			buildActionMask = 2147483647;
			files = (
			);
			runOnlyForDeploymentPostprocessing = 0;
		};
/* End PBXResourcesBuildPhase section */

/* Begin PBXSourcesBuildPhase section */
		1136D546262E4A6800CDB4E7 /* Sources */ = {
			isa = PBXSourcesBuildPhase;
			buildActionMask = 2147483647;
			files = (
				11104A44262E4DF200F94902 /* ExpenseTransaction.swift in Sources */,
				1136D550262E4A6900CDB4E7 /* ContentView.swift in Sources */,
				1136D54E262E4A6900CDB4E7 /* WalletPlusApp.swift in Sources */,
				1136D585262E4AE900CDB4E7 /* Transaction.swift in Sources */,
				11104A3F262E4C7600F94902 /* IncomeTransaction.swift in Sources */,
			);
			runOnlyForDeploymentPostprocessing = 0;
		};
		1136D557262E4A6900CDB4E7 /* Sources */ = {
			isa = PBXSourcesBuildPhase;
			buildActionMask = 2147483647;
			files = (
				1136D57F262E4AC400CDB4E7 /* TransactionTest.swift in Sources */,
				1136D560262E4A6900CDB4E7 /* WalletPlusTests.swift in Sources */,
			);
			runOnlyForDeploymentPostprocessing = 0;
		};
		1136D562262E4A6900CDB4E7 /* Sources */ = {
			isa = PBXSourcesBuildPhase;
			buildActionMask = 2147483647;
			files = (
				1136D56B262E4A6900CDB4E7 /* WalletPlusUITests.swift in Sources */,
			);
			runOnlyForDeploymentPostprocessing = 0;
		};
/* End PBXSourcesBuildPhase section */

/* Begin PBXTargetDependency section */
		1136D55D262E4A6900CDB4E7 /* PBXTargetDependency */ = {
			isa = PBXTargetDependency;
			target = 1136D549262E4A6800CDB4E7 /* WalletPlus */;
			targetProxy = 1136D55C262E4A6900CDB4E7 /* PBXContainerItemProxy */;
		};
		1136D568262E4A6900CDB4E7 /* PBXTargetDependency */ = {
			isa = PBXTargetDependency;
			target = 1136D549262E4A6800CDB4E7 /* WalletPlus */;
			targetProxy = 1136D567262E4A6900CDB4E7 /* PBXContainerItemProxy */;
		};
/* End PBXTargetDependency section */

/* Begin XCBuildConfiguration section */
		1136D56D262E4A6900CDB4E7 /* Debug */ = {
			isa = XCBuildConfiguration;
			buildSettings = {
				ALWAYS_SEARCH_USER_PATHS = NO;
				CLANG_ANALYZER_NONNULL = YES;
				CLANG_ANALYZER_NUMBER_OBJECT_CONVERSION = YES_AGGRESSIVE;
				CLANG_CXX_LANGUAGE_STANDARD = "gnu++14";
				CLANG_CXX_LIBRARY = "libc++";
				CLANG_ENABLE_MODULES = YES;
				CLANG_ENABLE_OBJC_ARC = YES;
				CLANG_ENABLE_OBJC_WEAK = YES;
				CLANG_WARN_BLOCK_CAPTURE_AUTORELEASING = YES;
				CLANG_WARN_BOOL_CONVERSION = YES;
				CLANG_WARN_COMMA = YES;
				CLANG_WARN_CONSTANT_CONVERSION = YES;
				CLANG_WARN_DEPRECATED_OBJC_IMPLEMENTATIONS = YES;
				CLANG_WARN_DIRECT_OBJC_ISA_USAGE = YES_ERROR;
				CLANG_WARN_DOCUMENTATION_COMMENTS = YES;
				CLANG_WARN_EMPTY_BODY = YES;
				CLANG_WARN_ENUM_CONVERSION = YES;
				CLANG_WARN_INFINITE_RECURSION = YES;
				CLANG_WARN_INT_CONVERSION = YES;
				CLANG_WARN_NON_LITERAL_NULL_CONVERSION = YES;
				CLANG_WARN_OBJC_IMPLICIT_RETAIN_SELF = YES;
				CLANG_WARN_OBJC_LITERAL_CONVERSION = YES;
				CLANG_WARN_OBJC_ROOT_CLASS = YES_ERROR;
				CLANG_WARN_QUOTED_INCLUDE_IN_FRAMEWORK_HEADER = YES;
				CLANG_WARN_RANGE_LOOP_ANALYSIS = YES;
				CLANG_WARN_STRICT_PROTOTYPES = YES;
				CLANG_WARN_SUSPICIOUS_MOVE = YES;
				CLANG_WARN_UNGUARDED_AVAILABILITY = YES_AGGRESSIVE;
				CLANG_WARN_UNREACHABLE_CODE = YES;
				CLANG_WARN__DUPLICATE_METHOD_MATCH = YES;
				COPY_PHASE_STRIP = NO;
				DEBUG_INFORMATION_FORMAT = dwarf;
				ENABLE_STRICT_OBJC_MSGSEND = YES;
				ENABLE_TESTABILITY = YES;
				GCC_C_LANGUAGE_STANDARD = gnu11;
				GCC_DYNAMIC_NO_PIC = NO;
				GCC_NO_COMMON_BLOCKS = YES;
				GCC_OPTIMIZATION_LEVEL = 0;
				GCC_PREPROCESSOR_DEFINITIONS = (
					"DEBUG=1",
					"$(inherited)",
				);
				GCC_WARN_64_TO_32_BIT_CONVERSION = YES;
				GCC_WARN_ABOUT_RETURN_TYPE = YES_ERROR;
				GCC_WARN_UNDECLARED_SELECTOR = YES;
				GCC_WARN_UNINITIALIZED_AUTOS = YES_AGGRESSIVE;
				GCC_WARN_UNUSED_FUNCTION = YES;
				GCC_WARN_UNUSED_VARIABLE = YES;
				IPHONEOS_DEPLOYMENT_TARGET = 14.4;
				MTL_ENABLE_DEBUG_INFO = INCLUDE_SOURCE;
				MTL_FAST_MATH = YES;
				ONLY_ACTIVE_ARCH = YES;
				SDKROOT = iphoneos;
				SWIFT_ACTIVE_COMPILATION_CONDITIONS = DEBUG;
				SWIFT_OPTIMIZATION_LEVEL = "-Onone";
			};
			name = Debug;
		};
		1136D56E262E4A6900CDB4E7 /* Release */ = {
			isa = XCBuildConfiguration;
			buildSettings = {
				ALWAYS_SEARCH_USER_PATHS = NO;
				CLANG_ANALYZER_NONNULL = YES;
				CLANG_ANALYZER_NUMBER_OBJECT_CONVERSION = YES_AGGRESSIVE;
				CLANG_CXX_LANGUAGE_STANDARD = "gnu++14";
				CLANG_CXX_LIBRARY = "libc++";
				CLANG_ENABLE_MODULES = YES;
				CLANG_ENABLE_OBJC_ARC = YES;
				CLANG_ENABLE_OBJC_WEAK = YES;
				CLANG_WARN_BLOCK_CAPTURE_AUTORELEASING = YES;
				CLANG_WARN_BOOL_CONVERSION = YES;
				CLANG_WARN_COMMA = YES;
				CLANG_WARN_CONSTANT_CONVERSION = YES;
				CLANG_WARN_DEPRECATED_OBJC_IMPLEMENTATIONS = YES;
				CLANG_WARN_DIRECT_OBJC_ISA_USAGE = YES_ERROR;
				CLANG_WARN_DOCUMENTATION_COMMENTS = YES;
				CLANG_WARN_EMPTY_BODY = YES;
				CLANG_WARN_ENUM_CONVERSION = YES;
				CLANG_WARN_INFINITE_RECURSION = YES;
				CLANG_WARN_INT_CONVERSION = YES;
				CLANG_WARN_NON_LITERAL_NULL_CONVERSION = YES;
				CLANG_WARN_OBJC_IMPLICIT_RETAIN_SELF = YES;
				CLANG_WARN_OBJC_LITERAL_CONVERSION = YES;
				CLANG_WARN_OBJC_ROOT_CLASS = YES_ERROR;
				CLANG_WARN_QUOTED_INCLUDE_IN_FRAMEWORK_HEADER = YES;
				CLANG_WARN_RANGE_LOOP_ANALYSIS = YES;
				CLANG_WARN_STRICT_PROTOTYPES = YES;
				CLANG_WARN_SUSPICIOUS_MOVE = YES;
				CLANG_WARN_UNGUARDED_AVAILABILITY = YES_AGGRESSIVE;
				CLANG_WARN_UNREACHABLE_CODE = YES;
				CLANG_WARN__DUPLICATE_METHOD_MATCH = YES;
				COPY_PHASE_STRIP = NO;
				DEBUG_INFORMATION_FORMAT = "dwarf-with-dsym";
				ENABLE_NS_ASSERTIONS = NO;
				ENABLE_STRICT_OBJC_MSGSEND = YES;
				GCC_C_LANGUAGE_STANDARD = gnu11;
				GCC_NO_COMMON_BLOCKS = YES;
				GCC_WARN_64_TO_32_BIT_CONVERSION = YES;
				GCC_WARN_ABOUT_RETURN_TYPE = YES_ERROR;
				GCC_WARN_UNDECLARED_SELECTOR = YES;
				GCC_WARN_UNINITIALIZED_AUTOS = YES_AGGRESSIVE;
				GCC_WARN_UNUSED_FUNCTION = YES;
				GCC_WARN_UNUSED_VARIABLE = YES;
				IPHONEOS_DEPLOYMENT_TARGET = 14.4;
				MTL_ENABLE_DEBUG_INFO = NO;
				MTL_FAST_MATH = YES;
				SDKROOT = iphoneos;
				SWIFT_COMPILATION_MODE = wholemodule;
				SWIFT_OPTIMIZATION_LEVEL = "-O";
				VALIDATE_PRODUCT = YES;
			};
			name = Release;
		};
		1136D570262E4A6900CDB4E7 /* Debug */ = {
			isa = XCBuildConfiguration;
			buildSettings = {
				ASSETCATALOG_COMPILER_APPICON_NAME = AppIcon;
				ASSETCATALOG_COMPILER_GLOBAL_ACCENT_COLOR_NAME = AccentColor;
				CODE_SIGN_STYLE = Automatic;
				DEVELOPMENT_ASSET_PATHS = "\"WalletPlus/Preview Content\"";
				DEVELOPMENT_TEAM = 3JF6M2L57N;
				ENABLE_PREVIEWS = YES;
				INFOPLIST_FILE = WalletPlus/Info.plist;
				IPHONEOS_DEPLOYMENT_TARGET = 14.0;
				LD_RUNPATH_SEARCH_PATHS = (
					"$(inherited)",
					"@executable_path/Frameworks",
				);
				PRODUCT_BUNDLE_IDENTIFIER = com.ching.WalletPlus;
				PRODUCT_NAME = "$(TARGET_NAME)";
				SWIFT_VERSION = 5.0;
				TARGETED_DEVICE_FAMILY = "1,2";
			};
			name = Debug;
		};
		1136D571262E4A6900CDB4E7 /* Release */ = {
			isa = XCBuildConfiguration;
			buildSettings = {
				ASSETCATALOG_COMPILER_APPICON_NAME = AppIcon;
				ASSETCATALOG_COMPILER_GLOBAL_ACCENT_COLOR_NAME = AccentColor;
				CODE_SIGN_STYLE = Automatic;
				DEVELOPMENT_ASSET_PATHS = "\"WalletPlus/Preview Content\"";
				DEVELOPMENT_TEAM = 3JF6M2L57N;
				ENABLE_PREVIEWS = YES;
				INFOPLIST_FILE = WalletPlus/Info.plist;
				IPHONEOS_DEPLOYMENT_TARGET = 14.0;
				LD_RUNPATH_SEARCH_PATHS = (
					"$(inherited)",
					"@executable_path/Frameworks",
				);
				PRODUCT_BUNDLE_IDENTIFIER = com.ching.WalletPlus;
				PRODUCT_NAME = "$(TARGET_NAME)";
				SWIFT_VERSION = 5.0;
				TARGETED_DEVICE_FAMILY = "1,2";
			};
			name = Release;
		};
		1136D573262E4A6900CDB4E7 /* Debug */ = {
			isa = XCBuildConfiguration;
			buildSettings = {
				ALWAYS_EMBED_SWIFT_STANDARD_LIBRARIES = YES;
				BUNDLE_LOADER = "$(TEST_HOST)";
				CODE_SIGN_STYLE = Automatic;
				DEVELOPMENT_TEAM = 3JF6M2L57N;
				INFOPLIST_FILE = WalletPlusTests/Info.plist;
				IPHONEOS_DEPLOYMENT_TARGET = 14.0;
				LD_RUNPATH_SEARCH_PATHS = (
					"$(inherited)",
					"@executable_path/Frameworks",
					"@loader_path/Frameworks",
				);
				PRODUCT_BUNDLE_IDENTIFIER = com.ching.WalletPlusTests;
				PRODUCT_NAME = "$(TARGET_NAME)";
				SWIFT_VERSION = 5.0;
				TARGETED_DEVICE_FAMILY = "1,2";
				TEST_HOST = "$(BUILT_PRODUCTS_DIR)/WalletPlus.app/WalletPlus";
			};
			name = Debug;
		};
		1136D574262E4A6900CDB4E7 /* Release */ = {
			isa = XCBuildConfiguration;
			buildSettings = {
				ALWAYS_EMBED_SWIFT_STANDARD_LIBRARIES = YES;
				BUNDLE_LOADER = "$(TEST_HOST)";
				CODE_SIGN_STYLE = Automatic;
				DEVELOPMENT_TEAM = 3JF6M2L57N;
				INFOPLIST_FILE = WalletPlusTests/Info.plist;
				IPHONEOS_DEPLOYMENT_TARGET = 14.0;
				LD_RUNPATH_SEARCH_PATHS = (
					"$(inherited)",
					"@executable_path/Frameworks",
					"@loader_path/Frameworks",
				);
				PRODUCT_BUNDLE_IDENTIFIER = com.ching.WalletPlusTests;
				PRODUCT_NAME = "$(TARGET_NAME)";
				SWIFT_VERSION = 5.0;
				TARGETED_DEVICE_FAMILY = "1,2";
				TEST_HOST = "$(BUILT_PRODUCTS_DIR)/WalletPlus.app/WalletPlus";
			};
			name = Release;
		};
		1136D576262E4A6900CDB4E7 /* Debug */ = {
			isa = XCBuildConfiguration;
			buildSettings = {
				ALWAYS_EMBED_SWIFT_STANDARD_LIBRARIES = YES;
				CODE_SIGN_STYLE = Automatic;
				DEVELOPMENT_TEAM = 3JF6M2L57N;
				INFOPLIST_FILE = WalletPlusUITests/Info.plist;
				LD_RUNPATH_SEARCH_PATHS = (
					"$(inherited)",
					"@executable_path/Frameworks",
					"@loader_path/Frameworks",
				);
				PRODUCT_BUNDLE_IDENTIFIER = com.ching.WalletPlusUITests;
				PRODUCT_NAME = "$(TARGET_NAME)";
				SWIFT_VERSION = 5.0;
				TARGETED_DEVICE_FAMILY = "1,2";
				TEST_TARGET_NAME = WalletPlus;
			};
			name = Debug;
		};
		1136D577262E4A6900CDB4E7 /* Release */ = {
			isa = XCBuildConfiguration;
			buildSettings = {
				ALWAYS_EMBED_SWIFT_STANDARD_LIBRARIES = YES;
				CODE_SIGN_STYLE = Automatic;
				DEVELOPMENT_TEAM = 3JF6M2L57N;
				INFOPLIST_FILE = WalletPlusUITests/Info.plist;
				LD_RUNPATH_SEARCH_PATHS = (
					"$(inherited)",
					"@executable_path/Frameworks",
					"@loader_path/Frameworks",
				);
				PRODUCT_BUNDLE_IDENTIFIER = com.ching.WalletPlusUITests;
				PRODUCT_NAME = "$(TARGET_NAME)";
				SWIFT_VERSION = 5.0;
				TARGETED_DEVICE_FAMILY = "1,2";
				TEST_TARGET_NAME = WalletPlus;
			};
			name = Release;
		};
/* End XCBuildConfiguration section */

/* Begin XCConfigurationList section */
		1136D545262E4A6800CDB4E7 /* Build configuration list for PBXProject "WalletPlus" */ = {
			isa = XCConfigurationList;
			buildConfigurations = (
				1136D56D262E4A6900CDB4E7 /* Debug */,
				1136D56E262E4A6900CDB4E7 /* Release */,
			);
			defaultConfigurationIsVisible = 0;
			defaultConfigurationName = Release;
		};
		1136D56F262E4A6900CDB4E7 /* Build configuration list for PBXNativeTarget "WalletPlus" */ = {
			isa = XCConfigurationList;
			buildConfigurations = (
				1136D570262E4A6900CDB4E7 /* Debug */,
				1136D571262E4A6900CDB4E7 /* Release */,
			);
			defaultConfigurationIsVisible = 0;
			defaultConfigurationName = Release;
		};
		1136D572262E4A6900CDB4E7 /* Build configuration list for PBXNativeTarget "WalletPlusTests" */ = {
			isa = XCConfigurationList;
			buildConfigurations = (
				1136D573262E4A6900CDB4E7 /* Debug */,
				1136D574262E4A6900CDB4E7 /* Release */,
			);
			defaultConfigurationIsVisible = 0;
			defaultConfigurationName = Release;
		};
		1136D575262E4A6900CDB4E7 /* Build configuration list for PBXNativeTarget "WalletPlusUITests" */ = {
			isa = XCConfigurationList;
			buildConfigurations = (
				1136D576262E4A6900CDB4E7 /* Debug */,
				1136D577262E4A6900CDB4E7 /* Release */,
			);
			defaultConfigurationIsVisible = 0;
			defaultConfigurationName = Release;
		};
/* End XCConfigurationList section */
	};
	rootObject = 1136D542262E4A6800CDB4E7 /* Project object */;
}
